// !$*UTF8*$!
{
	archiveVersion = 1;
	classes = {
	};
	objectVersion = 46;
	objects = {

/* Begin PBXBuildFile section */
		E01546A4172D251B00280CB6 /* Proxima Nova Black It.otf in Resources */ = {isa = PBXBuildFile; fileRef = E015467A172D251B00280CB6 /* Proxima Nova Black It.otf */; };
		E01546A5172D251B00280CB6 /* Proxima Nova Black.otf in Resources */ = {isa = PBXBuildFile; fileRef = E015467B172D251B00280CB6 /* Proxima Nova Black.otf */; };
		E01546A6172D251B00280CB6 /* Proxima Nova Bold It.otf in Resources */ = {isa = PBXBuildFile; fileRef = E015467C172D251B00280CB6 /* Proxima Nova Bold It.otf */; };
		E01546A7172D251B00280CB6 /* Proxima Nova Bold.otf in Resources */ = {isa = PBXBuildFile; fileRef = E015467D172D251B00280CB6 /* Proxima Nova Bold.otf */; };
		E01546A8172D251B00280CB6 /* Proxima Nova Cond Black It.otf in Resources */ = {isa = PBXBuildFile; fileRef = E015467E172D251B00280CB6 /* Proxima Nova Cond Black It.otf */; };
		E01546A9172D251B00280CB6 /* Proxima Nova Cond Black.otf in Resources */ = {isa = PBXBuildFile; fileRef = E015467F172D251B00280CB6 /* Proxima Nova Cond Black.otf */; };
		E01546AA172D251B00280CB6 /* Proxima Nova Cond Bold It.otf in Resources */ = {isa = PBXBuildFile; fileRef = E0154680172D251B00280CB6 /* Proxima Nova Cond Bold It.otf */; };
		E01546AB172D251B00280CB6 /* Proxima Nova Cond Bold.otf in Resources */ = {isa = PBXBuildFile; fileRef = E0154681172D251B00280CB6 /* Proxima Nova Cond Bold.otf */; };
		E01546AC172D251B00280CB6 /* Proxima Nova Cond Light It.otf in Resources */ = {isa = PBXBuildFile; fileRef = E0154682172D251B00280CB6 /* Proxima Nova Cond Light It.otf */; };
		E01546AD172D251B00280CB6 /* Proxima Nova Cond Light.otf in Resources */ = {isa = PBXBuildFile; fileRef = E0154683172D251B00280CB6 /* Proxima Nova Cond Light.otf */; };
		E01546AE172D251B00280CB6 /* Proxima Nova Cond Reg It.otf in Resources */ = {isa = PBXBuildFile; fileRef = E0154684172D251B00280CB6 /* Proxima Nova Cond Reg It.otf */; };
		E01546AF172D251B00280CB6 /* Proxima Nova Cond Reg.otf in Resources */ = {isa = PBXBuildFile; fileRef = E0154685172D251B00280CB6 /* Proxima Nova Cond Reg.otf */; };
		E01546B0172D251B00280CB6 /* Proxima Nova Cond Sbold It.otf in Resources */ = {isa = PBXBuildFile; fileRef = E0154686172D251B00280CB6 /* Proxima Nova Cond Sbold It.otf */; };
		E01546B1172D251B00280CB6 /* Proxima Nova Cond Sbold.otf in Resources */ = {isa = PBXBuildFile; fileRef = E0154687172D251B00280CB6 /* Proxima Nova Cond Sbold.otf */; };
		E01546B2172D251B00280CB6 /* Proxima Nova Cond Thin It.otf in Resources */ = {isa = PBXBuildFile; fileRef = E0154688172D251B00280CB6 /* Proxima Nova Cond Thin It.otf */; };
		E01546B3172D251B00280CB6 /* Proxima Nova Cond Thin.otf in Resources */ = {isa = PBXBuildFile; fileRef = E0154689172D251B00280CB6 /* Proxima Nova Cond Thin.otf */; };
		E01546B4172D251B00280CB6 /* Proxima Nova Cond Xbold It.otf in Resources */ = {isa = PBXBuildFile; fileRef = E015468A172D251B00280CB6 /* Proxima Nova Cond Xbold It.otf */; };
		E01546B5172D251B00280CB6 /* Proxima Nova Cond Xbold.otf in Resources */ = {isa = PBXBuildFile; fileRef = E015468B172D251B00280CB6 /* Proxima Nova Cond Xbold.otf */; };
		E01546B6172D251B00280CB6 /* Proxima Nova ExCn Black It.otf in Resources */ = {isa = PBXBuildFile; fileRef = E015468C172D251B00280CB6 /* Proxima Nova ExCn Black It.otf */; };
		E01546B7172D251B00280CB6 /* Proxima Nova ExCn Black.otf in Resources */ = {isa = PBXBuildFile; fileRef = E015468D172D251B00280CB6 /* Proxima Nova ExCn Black.otf */; };
		E01546B8172D251B00280CB6 /* Proxima Nova ExCn Bold It.otf in Resources */ = {isa = PBXBuildFile; fileRef = E015468E172D251B00280CB6 /* Proxima Nova ExCn Bold It.otf */; };
		E01546B9172D251B00280CB6 /* Proxima Nova ExCn Bold.otf in Resources */ = {isa = PBXBuildFile; fileRef = E015468F172D251B00280CB6 /* Proxima Nova ExCn Bold.otf */; };
		E01546BA172D251B00280CB6 /* Proxima Nova ExCn Light It.otf in Resources */ = {isa = PBXBuildFile; fileRef = E0154690172D251B00280CB6 /* Proxima Nova ExCn Light It.otf */; };
		E01546BB172D251B00280CB6 /* Proxima Nova ExCn Light.otf in Resources */ = {isa = PBXBuildFile; fileRef = E0154691172D251B00280CB6 /* Proxima Nova ExCn Light.otf */; };
		E01546BC172D251B00280CB6 /* Proxima Nova ExCn Reg It.otf in Resources */ = {isa = PBXBuildFile; fileRef = E0154692172D251B00280CB6 /* Proxima Nova ExCn Reg It.otf */; };
		E01546BD172D251B00280CB6 /* Proxima Nova ExCn Reg.otf in Resources */ = {isa = PBXBuildFile; fileRef = E0154693172D251B00280CB6 /* Proxima Nova ExCn Reg.otf */; };
		E01546BE172D251B00280CB6 /* Proxima Nova ExCn Sbold It.otf in Resources */ = {isa = PBXBuildFile; fileRef = E0154694172D251B00280CB6 /* Proxima Nova ExCn Sbold It.otf */; };
		E01546BF172D251B00280CB6 /* Proxima Nova ExCn Sbold.otf in Resources */ = {isa = PBXBuildFile; fileRef = E0154695172D251B00280CB6 /* Proxima Nova ExCn Sbold.otf */; };
		E01546C0172D251B00280CB6 /* Proxima Nova ExCn Thin It.otf in Resources */ = {isa = PBXBuildFile; fileRef = E0154696172D251B00280CB6 /* Proxima Nova ExCn Thin It.otf */; };
		E01546C1172D251B00280CB6 /* Proxima Nova ExCn Thin.otf in Resources */ = {isa = PBXBuildFile; fileRef = E0154697172D251B00280CB6 /* Proxima Nova ExCn Thin.otf */; };
		E01546C2172D251B00280CB6 /* Proxima Nova ExCn Xbold It.otf in Resources */ = {isa = PBXBuildFile; fileRef = E0154698172D251B00280CB6 /* Proxima Nova ExCn Xbold It.otf */; };
		E01546C3172D251B00280CB6 /* Proxima Nova ExCn Xbold.otf in Resources */ = {isa = PBXBuildFile; fileRef = E0154699172D251B00280CB6 /* Proxima Nova ExCn Xbold.otf */; };
		E01546C4172D251B00280CB6 /* Proxima Nova Light It.otf in Resources */ = {isa = PBXBuildFile; fileRef = E015469A172D251B00280CB6 /* Proxima Nova Light It.otf */; };
		E01546C5172D251B00280CB6 /* Proxima Nova Light.otf in Resources */ = {isa = PBXBuildFile; fileRef = E015469B172D251B00280CB6 /* Proxima Nova Light.otf */; };
		E01546C6172D251B00280CB6 /* Proxima Nova Reg It.otf in Resources */ = {isa = PBXBuildFile; fileRef = E015469C172D251B00280CB6 /* Proxima Nova Reg It.otf */; };
		E01546C7172D251B00280CB6 /* Proxima Nova Reg.otf in Resources */ = {isa = PBXBuildFile; fileRef = E015469D172D251B00280CB6 /* Proxima Nova Reg.otf */; };
		E01546C8172D251B00280CB6 /* Proxima Nova Sbold It.otf in Resources */ = {isa = PBXBuildFile; fileRef = E015469E172D251B00280CB6 /* Proxima Nova Sbold It.otf */; };
		E01546C9172D251B00280CB6 /* Proxima Nova Sbold.otf in Resources */ = {isa = PBXBuildFile; fileRef = E015469F172D251B00280CB6 /* Proxima Nova Sbold.otf */; };
		E01546CA172D251B00280CB6 /* Proxima Nova Thin It.otf in Resources */ = {isa = PBXBuildFile; fileRef = E01546A0172D251B00280CB6 /* Proxima Nova Thin It.otf */; };
		E01546CB172D251B00280CB6 /* Proxima Nova Thin.otf in Resources */ = {isa = PBXBuildFile; fileRef = E01546A1172D251B00280CB6 /* Proxima Nova Thin.otf */; };
		E01546CC172D251B00280CB6 /* Proxima Nova Xbold It.otf in Resources */ = {isa = PBXBuildFile; fileRef = E01546A2172D251B00280CB6 /* Proxima Nova Xbold It.otf */; };
		E01546CD172D251B00280CB6 /* Proxima Nova Xbold.otf in Resources */ = {isa = PBXBuildFile; fileRef = E01546A3172D251B00280CB6 /* Proxima Nova Xbold.otf */; };
		E01546D1172D457E00280CB6 /* alert.png in Resources */ = {isa = PBXBuildFile; fileRef = E01546CF172D457E00280CB6 /* alert.png */; };
		E01546D3172D4C8100280CB6 /* navbar@2X.png in Resources */ = {isa = PBXBuildFile; fileRef = E01546D2172D4C8100280CB6 /* navbar@2X.png */; };
		E01546D5172D4DB700280CB6 /* navbar.png in Resources */ = {isa = PBXBuildFile; fileRef = E01546D4172D4DB700280CB6 /* navbar.png */; };
		E01546D9172D517F00280CB6 /* directionButton.png in Resources */ = {isa = PBXBuildFile; fileRef = E01546D8172D517F00280CB6 /* directionButton.png */; };
		E031CE00172C8AFC00571228 /* StoreTableCell.xib in Resources */ = {isa = PBXBuildFile; fileRef = E031CDFD172C8AFC00571228 /* StoreTableCell.xib */; };
		E031CE01172C8AFC00571228 /* StoreTableCell.m in Sources */ = {isa = PBXBuildFile; fileRef = E031CDFF172C8AFC00571228 /* StoreTableCell.m */; };
		E031CE33172C921400571228 /* AFHTTPClient.m in Sources */ = {isa = PBXBuildFile; fileRef = E031CE21172C921400571228 /* AFHTTPClient.m */; };
		E031CE34172C921400571228 /* AFHTTPRequestOperation.m in Sources */ = {isa = PBXBuildFile; fileRef = E031CE23172C921400571228 /* AFHTTPRequestOperation.m */; };
		E031CE35172C921400571228 /* AFImageRequestOperation.m in Sources */ = {isa = PBXBuildFile; fileRef = E031CE25172C921400571228 /* AFImageRequestOperation.m */; };
		E031CE36172C921400571228 /* AFJSONRequestOperation.m in Sources */ = {isa = PBXBuildFile; fileRef = E031CE27172C921400571228 /* AFJSONRequestOperation.m */; };
		E031CE37172C921400571228 /* AFNetworkActivityIndicatorManager.m in Sources */ = {isa = PBXBuildFile; fileRef = E031CE29172C921400571228 /* AFNetworkActivityIndicatorManager.m */; };
		E031CE38172C921400571228 /* AFPropertyListRequestOperation.m in Sources */ = {isa = PBXBuildFile; fileRef = E031CE2C172C921400571228 /* AFPropertyListRequestOperation.m */; };
		E031CE39172C921400571228 /* AFURLConnectionOperation.m in Sources */ = {isa = PBXBuildFile; fileRef = E031CE2E172C921400571228 /* AFURLConnectionOperation.m */; };
		E031CE3A172C921400571228 /* AFXMLRequestOperation.m in Sources */ = {isa = PBXBuildFile; fileRef = E031CE30172C921400571228 /* AFXMLRequestOperation.m */; };
		E031CE3B172C921400571228 /* UIImageView+AFNetworking.m in Sources */ = {isa = PBXBuildFile; fileRef = E031CE32172C921400571228 /* UIImageView+AFNetworking.m */; };
		E031CE3D172C928C00571228 /* CFNetwork.framework in Frameworks */ = {isa = PBXBuildFile; fileRef = E031CE3C172C928C00571228 /* CFNetwork.framework */; };
		E031CE3F172C929A00571228 /* SystemConfiguration.framework in Frameworks */ = {isa = PBXBuildFile; fileRef = E031CE3E172C929A00571228 /* SystemConfiguration.framework */; };
		E031CE41172C92A700571228 /* StoreKit.framework in Frameworks */ = {isa = PBXBuildFile; fileRef = E031CE40172C92A700571228 /* StoreKit.framework */; };
		E031CE45172CA01000571228 /* Loading-screen.png in Resources */ = {isa = PBXBuildFile; fileRef = E031CE44172CA01000571228 /* Loading-screen.png */; };
		E031CE4B172CB2E300571228 /* 1star.png in Resources */ = {isa = PBXBuildFile; fileRef = E031CE46172CB2E300571228 /* 1star.png */; };
		E031CE4C172CB2E300571228 /* 3star.png in Resources */ = {isa = PBXBuildFile; fileRef = E031CE47172CB2E300571228 /* 3star.png */; };
		E031CE4D172CB2E300571228 /* 2star.png in Resources */ = {isa = PBXBuildFile; fileRef = E031CE48172CB2E300571228 /* 2star.png */; };
		E031CE4E172CB2E300571228 /* 4star.png in Resources */ = {isa = PBXBuildFile; fileRef = E031CE49172CB2E300571228 /* 4star.png */; };
		E031CE4F172CB2E300571228 /* 5star.png in Resources */ = {isa = PBXBuildFile; fileRef = E031CE4A172CB2E300571228 /* 5star.png */; };
		E097D734172D52F300587EB4 /* arrow.png in Resources */ = {isa = PBXBuildFile; fileRef = E097D733172D52F300587EB4 /* arrow.png */; };
		E097D73F172D532E00587EB4 /* Icon-72.png in Resources */ = {isa = PBXBuildFile; fileRef = E097D735172D532E00587EB4 /* Icon-72.png */; };
		E097D740172D532E00587EB4 /* Icon-72@2x.png in Resources */ = {isa = PBXBuildFile; fileRef = E097D736172D532E00587EB4 /* Icon-72@2x.png */; };
		E097D741172D532E00587EB4 /* Icon-Small-50.png in Resources */ = {isa = PBXBuildFile; fileRef = E097D737172D532E00587EB4 /* Icon-Small-50.png */; };
		E097D742172D532E00587EB4 /* Icon-Small-50@2x.png in Resources */ = {isa = PBXBuildFile; fileRef = E097D738172D532E00587EB4 /* Icon-Small-50@2x.png */; };
		E097D743172D532E00587EB4 /* Icon-Small.png in Resources */ = {isa = PBXBuildFile; fileRef = E097D739172D532E00587EB4 /* Icon-Small.png */; };
		E097D744172D532E00587EB4 /* Icon-Small@2x.png in Resources */ = {isa = PBXBuildFile; fileRef = E097D73A172D532E00587EB4 /* Icon-Small@2x.png */; };
		E097D745172D532E00587EB4 /* Icon.png in Resources */ = {isa = PBXBuildFile; fileRef = E097D73B172D532E00587EB4 /* Icon.png */; };
		E097D746172D532E00587EB4 /* Icon@2x.png in Resources */ = {isa = PBXBuildFile; fileRef = E097D73C172D532E00587EB4 /* Icon@2x.png */; };
		E097D747172D532E00587EB4 /* iTunesArtwork.png in Resources */ = {isa = PBXBuildFile; fileRef = E097D73D172D532E00587EB4 /* iTunesArtwork.png */; };
		E097D748172D532E00587EB4 /* iTunesArtwork@2x.png in Resources */ = {isa = PBXBuildFile; fileRef = E097D73E172D532E00587EB4 /* iTunesArtwork@2x.png */; };
		E097D74A172D53B400587EB4 /* Icon.png in Resources */ = {isa = PBXBuildFile; fileRef = E097D749172D53B400587EB4 /* Icon.png */; };
		E097D74C172D53BC00587EB4 /* Icon@2x.png in Resources */ = {isa = PBXBuildFile; fileRef = E097D74B172D53BC00587EB4 /* Icon@2x.png */; };
		E097D74F172D54DD00587EB4 /* clock.png in Resources */ = {isa = PBXBuildFile; fileRef = E097D74D172D54DD00587EB4 /* clock.png */; };
		E097D750172D54DD00587EB4 /* pin.png in Resources */ = {isa = PBXBuildFile; fileRef = E097D74E172D54DD00587EB4 /* pin.png */; };
		E0CCB65C172C048500835420 /* UIKit.framework in Frameworks */ = {isa = PBXBuildFile; fileRef = E0CCB65B172C048500835420 /* UIKit.framework */; };
		E0CCB65E172C048500835420 /* Foundation.framework in Frameworks */ = {isa = PBXBuildFile; fileRef = E0CCB65D172C048500835420 /* Foundation.framework */; };
		E0CCB660172C048500835420 /* CoreGraphics.framework in Frameworks */ = {isa = PBXBuildFile; fileRef = E0CCB65F172C048500835420 /* CoreGraphics.framework */; };
		E0CCB666172C048500835420 /* InfoPlist.strings in Resources */ = {isa = PBXBuildFile; fileRef = E0CCB664172C048500835420 /* InfoPlist.strings */; };
		E0CCB668172C048500835420 /* main.m in Sources */ = {isa = PBXBuildFile; fileRef = E0CCB667172C048500835420 /* main.m */; };
		E0CCB66E172C048500835420 /* Default.png in Resources */ = {isa = PBXBuildFile; fileRef = E0CCB66D172C048500835420 /* Default.png */; };
		E0CCB670172C048500835420 /* Default@2x.png in Resources */ = {isa = PBXBuildFile; fileRef = E0CCB66F172C048500835420 /* Default@2x.png */; };
		E0CCB672172C048500835420 /* Default-568h@2x.png in Resources */ = {isa = PBXBuildFile; fileRef = E0CCB671172C048500835420 /* Default-568h@2x.png */; };
		E0CCB69E172C0A8000835420 /* MSNavigationPaneViewController.m in Sources */ = {isa = PBXBuildFile; fileRef = E0CCB69D172C0A7F00835420 /* MSNavigationPaneViewController.m */; };
		E0CCB6AD172C0AFC00835420 /* SettingsViewController.m in Sources */ = {isa = PBXBuildFile; fileRef = E0CCB6A3172C0AFC00835420 /* SettingsViewController.m */; };
		E0CCB6AE172C0AFC00835420 /* MasterViewController.m in Sources */ = {isa = PBXBuildFile; fileRef = E0CCB6A4172C0AFC00835420 /* MasterViewController.m */; };
		E0CCB6AF172C0AFC00835420 /* AboutUsViewController.m in Sources */ = {isa = PBXBuildFile; fileRef = E0CCB6A8172C0AFC00835420 /* AboutUsViewController.m */; };
		E0CCB6B0172C0AFC00835420 /* AppDelegate.m in Sources */ = {isa = PBXBuildFile; fileRef = E0CCB6AA172C0AFC00835420 /* AppDelegate.m */; };
		E0CCB6BB172C0D8900835420 /* QuartzCore.framework in Frameworks */ = {isa = PBXBuildFile; fileRef = E0CCB6BA172C0D8900835420 /* QuartzCore.framework */; };
		E0CCB6CD172C0DC500835420 /* Default-568h@2x.png in Resources */ = {isa = PBXBuildFile; fileRef = E0CCB6BE172C0DC500835420 /* Default-568h@2x.png */; };
		E0CCB6CE172C0DC500835420 /* Default.png in Resources */ = {isa = PBXBuildFile; fileRef = E0CCB6BF172C0DC500835420 /* Default.png */; };
		E0CCB6CF172C0DC500835420 /* Default@2x.png in Resources */ = {isa = PBXBuildFile; fileRef = E0CCB6C0172C0DC500835420 /* Default@2x.png */; };
		E0CCB6DA172C0DC500835420 /* MSBarButtonIconNavigationPane.png in Resources */ = {isa = PBXBuildFile; fileRef = E0CCB6CB172C0DC500835420 /* MSBarButtonIconNavigationPane.png */; };
		E0CCB6DB172C0DC500835420 /* MSBarButtonIconNavigationPane@2x.png in Resources */ = {isa = PBXBuildFile; fileRef = E0CCB6CC172C0DC500835420 /* MSBarButtonIconNavigationPane@2x.png */; };
		E0CCB6EC172C153900835420 /* PRTweenTimingFunctions.m in Sources */ = {isa = PBXBuildFile; fileRef = E0CCB6E8172C153900835420 /* PRTweenTimingFunctions.m */; };
		E0CCB6ED172C153900835420 /* PRTween.m in Sources */ = {isa = PBXBuildFile; fileRef = E0CCB6EB172C153900835420 /* PRTween.m */; };
		E0CCB6F2172C228000835420 /* HomeViewController.m in Sources */ = {isa = PBXBuildFile; fileRef = E0CCB6F0172C228000835420 /* HomeViewController.m */; };
		E0CCB6F3172C228000835420 /* HomeViewController.xib in Resources */ = {isa = PBXBuildFile; fileRef = E0CCB6F1172C228000835420 /* HomeViewController.xib */; };
		E0CCB701172C40D200835420 /* ClubsViewController.m in Sources */ = {isa = PBXBuildFile; fileRef = E0CCB6FF172C40D200835420 /* ClubsViewController.m */; };
		E0CCB702172C40D200835420 /* ClubsViewController.xib in Resources */ = {isa = PBXBuildFile; fileRef = E0CCB700172C40D200835420 /* ClubsViewController.xib */; };
		E0CCB706172C410B00835420 /* RestaurantsViewController.m in Sources */ = {isa = PBXBuildFile; fileRef = E0CCB704172C410A00835420 /* RestaurantsViewController.m */; };
		E0CCB707172C410B00835420 /* RestaurantsViewController.xib in Resources */ = {isa = PBXBuildFile; fileRef = E0CCB705172C410A00835420 /* RestaurantsViewController.xib */; };
		E0CCB709172C471000835420 /* shadow.png in Resources */ = {isa = PBXBuildFile; fileRef = E0CCB708172C470F00835420 /* shadow.png */; };
		E0CCB70D172C4BC300835420 /* DetailViewController.m in Sources */ = {isa = PBXBuildFile; fileRef = E0CCB70B172C4BC300835420 /* DetailViewController.m */; };
		E0CCB70E172C4BC300835420 /* DetailViewController.xib in Resources */ = {isa = PBXBuildFile; fileRef = E0CCB70C172C4BC300835420 /* DetailViewController.xib */; };
		E0CCB71E172C576100835420 /* NSObject+SBJSON.m in Sources */ = {isa = PBXBuildFile; fileRef = E0CCB713172C576100835420 /* NSObject+SBJSON.m */; };
		E0CCB71F172C576100835420 /* NSString+SBJSON.m in Sources */ = {isa = PBXBuildFile; fileRef = E0CCB715172C576100835420 /* NSString+SBJSON.m */; };
		E0CCB720172C576100835420 /* SBJSON.m in Sources */ = {isa = PBXBuildFile; fileRef = E0CCB717172C576100835420 /* SBJSON.m */; };
		E0CCB721172C576100835420 /* SBJsonBase.m in Sources */ = {isa = PBXBuildFile; fileRef = E0CCB719172C576100835420 /* SBJsonBase.m */; };
		E0CCB722172C576100835420 /* SBJsonParser.m in Sources */ = {isa = PBXBuildFile; fileRef = E0CCB71B172C576100835420 /* SBJsonParser.m */; };
		E0CCB723172C576100835420 /* SBJsonWriter.m in Sources */ = {isa = PBXBuildFile; fileRef = E0CCB71D172C576100835420 /* SBJsonWriter.m */; };
		E0CCB74A172C5DA500835420 /* StoreData.m in Sources */ = {isa = PBXBuildFile; fileRef = E0CCB744172C5DA500835420 /* StoreData.m */; };
		E0CCB74B172C5DA500835420 /* StoreElements.m in Sources */ = {isa = PBXBuildFile; fileRef = E0CCB747172C5DA500835420 /* StoreElements.m */; };
		E0CCB74C172C5DA500835420 /* StoreRequestManager.m in Sources */ = {isa = PBXBuildFile; fileRef = E0CCB749172C5DA500835420 /* StoreRequestManager.m */; };
		E0CCB74E172C636C00835420 /* CoreLocation.framework in Frameworks */ = {isa = PBXBuildFile; fileRef = E0CCB74D172C636C00835420 /* CoreLocation.framework */; };
		E0CCB750172C637200835420 /* MapKit.framework in Frameworks */ = {isa = PBXBuildFile; fileRef = E0CCB74F172C637200835420 /* MapKit.framework */; };
		E0CCB754172C6CAC00835420 /* ApplicationConstants.m in Sources */ = {isa = PBXBuildFile; fileRef = E0CCB753172C6CAC00835420 /* ApplicationConstants.m */; };
		E0CCB75A172C6F8100835420 /* GlobalSettings.m in Sources */ = {isa = PBXBuildFile; fileRef = E0CCB756172C6F8000835420 /* GlobalSettings.m */; };
		E0CCB75B172C6F8100835420 /* DownloadLightWeight.m in Sources */ = {isa = PBXBuildFile; fileRef = E0CCB758172C6F8100835420 /* DownloadLightWeight.m */; };
		E0CCB760172C77F900835420 /* AsyncImageView.m in Sources */ = {isa = PBXBuildFile; fileRef = E0CCB75F172C77F900835420 /* AsyncImageView.m */; };
		E0CCB766172C7D8300835420 /* CacheManager.m in Sources */ = {isa = PBXBuildFile; fileRef = E0CCB765172C7D8300835420 /* CacheManager.m */; };
		E0E82321177644B9003B5F76 /* SettingsViewController.xib in Resources */ = {isa = PBXBuildFile; fileRef = E0E82320177644B9003B5F76 /* SettingsViewController.xib */; };
/* End PBXBuildFile section */

/* Begin PBXFileReference section */
		E015467A172D251B00280CB6 /* Proxima Nova Black It.otf */ = {isa = PBXFileReference; lastKnownFileType = file; path = "Proxima Nova Black It.otf"; sourceTree = "<group>"; };
		E015467B172D251B00280CB6 /* Proxima Nova Black.otf */ = {isa = PBXFileReference; lastKnownFileType = file; path = "Proxima Nova Black.otf"; sourceTree = "<group>"; };
		E015467C172D251B00280CB6 /* Proxima Nova Bold It.otf */ = {isa = PBXFileReference; lastKnownFileType = file; path = "Proxima Nova Bold It.otf"; sourceTree = "<group>"; };
		E015467D172D251B00280CB6 /* Proxima Nova Bold.otf */ = {isa = PBXFileReference; lastKnownFileType = file; path = "Proxima Nova Bold.otf"; sourceTree = "<group>"; };
		E015467E172D251B00280CB6 /* Proxima Nova Cond Black It.otf */ = {isa = PBXFileReference; lastKnownFileType = file; path = "Proxima Nova Cond Black It.otf"; sourceTree = "<group>"; };
		E015467F172D251B00280CB6 /* Proxima Nova Cond Black.otf */ = {isa = PBXFileReference; lastKnownFileType = file; path = "Proxima Nova Cond Black.otf"; sourceTree = "<group>"; };
		E0154680172D251B00280CB6 /* Proxima Nova Cond Bold It.otf */ = {isa = PBXFileReference; lastKnownFileType = file; path = "Proxima Nova Cond Bold It.otf"; sourceTree = "<group>"; };
		E0154681172D251B00280CB6 /* Proxima Nova Cond Bold.otf */ = {isa = PBXFileReference; lastKnownFileType = file; path = "Proxima Nova Cond Bold.otf"; sourceTree = "<group>"; };
		E0154682172D251B00280CB6 /* Proxima Nova Cond Light It.otf */ = {isa = PBXFileReference; lastKnownFileType = file; path = "Proxima Nova Cond Light It.otf"; sourceTree = "<group>"; };
		E0154683172D251B00280CB6 /* Proxima Nova Cond Light.otf */ = {isa = PBXFileReference; lastKnownFileType = file; path = "Proxima Nova Cond Light.otf"; sourceTree = "<group>"; };
		E0154684172D251B00280CB6 /* Proxima Nova Cond Reg It.otf */ = {isa = PBXFileReference; lastKnownFileType = file; path = "Proxima Nova Cond Reg It.otf"; sourceTree = "<group>"; };
		E0154685172D251B00280CB6 /* Proxima Nova Cond Reg.otf */ = {isa = PBXFileReference; lastKnownFileType = file; path = "Proxima Nova Cond Reg.otf"; sourceTree = "<group>"; };
		E0154686172D251B00280CB6 /* Proxima Nova Cond Sbold It.otf */ = {isa = PBXFileReference; lastKnownFileType = file; path = "Proxima Nova Cond Sbold It.otf"; sourceTree = "<group>"; };
		E0154687172D251B00280CB6 /* Proxima Nova Cond Sbold.otf */ = {isa = PBXFileReference; lastKnownFileType = file; path = "Proxima Nova Cond Sbold.otf"; sourceTree = "<group>"; };
		E0154688172D251B00280CB6 /* Proxima Nova Cond Thin It.otf */ = {isa = PBXFileReference; lastKnownFileType = file; path = "Proxima Nova Cond Thin It.otf"; sourceTree = "<group>"; };
		E0154689172D251B00280CB6 /* Proxima Nova Cond Thin.otf */ = {isa = PBXFileReference; lastKnownFileType = file; path = "Proxima Nova Cond Thin.otf"; sourceTree = "<group>"; };
		E015468A172D251B00280CB6 /* Proxima Nova Cond Xbold It.otf */ = {isa = PBXFileReference; lastKnownFileType = file; path = "Proxima Nova Cond Xbold It.otf"; sourceTree = "<group>"; };
		E015468B172D251B00280CB6 /* Proxima Nova Cond Xbold.otf */ = {isa = PBXFileReference; lastKnownFileType = file; path = "Proxima Nova Cond Xbold.otf"; sourceTree = "<group>"; };
		E015468C172D251B00280CB6 /* Proxima Nova ExCn Black It.otf */ = {isa = PBXFileReference; lastKnownFileType = file; path = "Proxima Nova ExCn Black It.otf"; sourceTree = "<group>"; };
		E015468D172D251B00280CB6 /* Proxima Nova ExCn Black.otf */ = {isa = PBXFileReference; lastKnownFileType = file; path = "Proxima Nova ExCn Black.otf"; sourceTree = "<group>"; };
		E015468E172D251B00280CB6 /* Proxima Nova ExCn Bold It.otf */ = {isa = PBXFileReference; lastKnownFileType = file; path = "Proxima Nova ExCn Bold It.otf"; sourceTree = "<group>"; };
		E015468F172D251B00280CB6 /* Proxima Nova ExCn Bold.otf */ = {isa = PBXFileReference; lastKnownFileType = file; path = "Proxima Nova ExCn Bold.otf"; sourceTree = "<group>"; };
		E0154690172D251B00280CB6 /* Proxima Nova ExCn Light It.otf */ = {isa = PBXFileReference; lastKnownFileType = file; path = "Proxima Nova ExCn Light It.otf"; sourceTree = "<group>"; };
		E0154691172D251B00280CB6 /* Proxima Nova ExCn Light.otf */ = {isa = PBXFileReference; lastKnownFileType = file; path = "Proxima Nova ExCn Light.otf"; sourceTree = "<group>"; };
		E0154692172D251B00280CB6 /* Proxima Nova ExCn Reg It.otf */ = {isa = PBXFileReference; lastKnownFileType = file; path = "Proxima Nova ExCn Reg It.otf"; sourceTree = "<group>"; };
		E0154693172D251B00280CB6 /* Proxima Nova ExCn Reg.otf */ = {isa = PBXFileReference; lastKnownFileType = file; path = "Proxima Nova ExCn Reg.otf"; sourceTree = "<group>"; };
		E0154694172D251B00280CB6 /* Proxima Nova ExCn Sbold It.otf */ = {isa = PBXFileReference; lastKnownFileType = file; path = "Proxima Nova ExCn Sbold It.otf"; sourceTree = "<group>"; };
		E0154695172D251B00280CB6 /* Proxima Nova ExCn Sbold.otf */ = {isa = PBXFileReference; lastKnownFileType = file; path = "Proxima Nova ExCn Sbold.otf"; sourceTree = "<group>"; };
		E0154696172D251B00280CB6 /* Proxima Nova ExCn Thin It.otf */ = {isa = PBXFileReference; lastKnownFileType = file; path = "Proxima Nova ExCn Thin It.otf"; sourceTree = "<group>"; };
		E0154697172D251B00280CB6 /* Proxima Nova ExCn Thin.otf */ = {isa = PBXFileReference; lastKnownFileType = file; path = "Proxima Nova ExCn Thin.otf"; sourceTree = "<group>"; };
		E0154698172D251B00280CB6 /* Proxima Nova ExCn Xbold It.otf */ = {isa = PBXFileReference; lastKnownFileType = file; path = "Proxima Nova ExCn Xbold It.otf"; sourceTree = "<group>"; };
		E0154699172D251B00280CB6 /* Proxima Nova ExCn Xbold.otf */ = {isa = PBXFileReference; lastKnownFileType = file; path = "Proxima Nova ExCn Xbold.otf"; sourceTree = "<group>"; };
		E015469A172D251B00280CB6 /* Proxima Nova Light It.otf */ = {isa = PBXFileReference; lastKnownFileType = file; path = "Proxima Nova Light It.otf"; sourceTree = "<group>"; };
		E015469B172D251B00280CB6 /* Proxima Nova Light.otf */ = {isa = PBXFileReference; lastKnownFileType = file; path = "Proxima Nova Light.otf"; sourceTree = "<group>"; };
		E015469C172D251B00280CB6 /* Proxima Nova Reg It.otf */ = {isa = PBXFileReference; lastKnownFileType = file; path = "Proxima Nova Reg It.otf"; sourceTree = "<group>"; };
		E015469D172D251B00280CB6 /* Proxima Nova Reg.otf */ = {isa = PBXFileReference; lastKnownFileType = file; path = "Proxima Nova Reg.otf"; sourceTree = "<group>"; };
		E015469E172D251B00280CB6 /* Proxima Nova Sbold It.otf */ = {isa = PBXFileReference; lastKnownFileType = file; path = "Proxima Nova Sbold It.otf"; sourceTree = "<group>"; };
		E015469F172D251B00280CB6 /* Proxima Nova Sbold.otf */ = {isa = PBXFileReference; lastKnownFileType = file; path = "Proxima Nova Sbold.otf"; sourceTree = "<group>"; };
		E01546A0172D251B00280CB6 /* Proxima Nova Thin It.otf */ = {isa = PBXFileReference; lastKnownFileType = file; path = "Proxima Nova Thin It.otf"; sourceTree = "<group>"; };
		E01546A1172D251B00280CB6 /* Proxima Nova Thin.otf */ = {isa = PBXFileReference; lastKnownFileType = file; path = "Proxima Nova Thin.otf"; sourceTree = "<group>"; };
		E01546A2172D251B00280CB6 /* Proxima Nova Xbold It.otf */ = {isa = PBXFileReference; lastKnownFileType = file; path = "Proxima Nova Xbold It.otf"; sourceTree = "<group>"; };
		E01546A3172D251B00280CB6 /* Proxima Nova Xbold.otf */ = {isa = PBXFileReference; lastKnownFileType = file; path = "Proxima Nova Xbold.otf"; sourceTree = "<group>"; };
		E01546CF172D457E00280CB6 /* alert.png */ = {isa = PBXFileReference; lastKnownFileType = image.png; path = alert.png; sourceTree = "<group>"; };
		E01546D2172D4C8100280CB6 /* navbar@2X.png */ = {isa = PBXFileReference; lastKnownFileType = image.png; path = "navbar@2X.png"; sourceTree = "<group>"; };
		E01546D4172D4DB700280CB6 /* navbar.png */ = {isa = PBXFileReference; lastKnownFileType = image.png; path = navbar.png; sourceTree = "<group>"; };
		E01546D8172D517F00280CB6 /* directionButton.png */ = {isa = PBXFileReference; lastKnownFileType = image.png; path = directionButton.png; sourceTree = "<group>"; };
		E031CDFD172C8AFC00571228 /* StoreTableCell.xib */ = {isa = PBXFileReference; fileEncoding = 4; lastKnownFileType = file.xib; name = StoreTableCell.xib; path = whatsopen_app/Main/StoreTableCell.xib; sourceTree = "<group>"; };
		E031CDFE172C8AFC00571228 /* StoreTableCell.h */ = {isa = PBXFileReference; fileEncoding = 4; lastKnownFileType = sourcecode.c.h; name = StoreTableCell.h; path = whatsopen_app/Main/StoreTableCell.h; sourceTree = "<group>"; };
		E031CDFF172C8AFC00571228 /* StoreTableCell.m */ = {isa = PBXFileReference; fileEncoding = 4; lastKnownFileType = sourcecode.c.objc; name = StoreTableCell.m; path = whatsopen_app/Main/StoreTableCell.m; sourceTree = "<group>"; };
		E031CE20172C921400571228 /* AFHTTPClient.h */ = {isa = PBXFileReference; fileEncoding = 4; lastKnownFileType = sourcecode.c.h; path = AFHTTPClient.h; sourceTree = "<group>"; };
		E031CE21172C921400571228 /* AFHTTPClient.m */ = {isa = PBXFileReference; fileEncoding = 4; lastKnownFileType = sourcecode.c.objc; path = AFHTTPClient.m; sourceTree = "<group>"; };
		E031CE22172C921400571228 /* AFHTTPRequestOperation.h */ = {isa = PBXFileReference; fileEncoding = 4; lastKnownFileType = sourcecode.c.h; path = AFHTTPRequestOperation.h; sourceTree = "<group>"; };
		E031CE23172C921400571228 /* AFHTTPRequestOperation.m */ = {isa = PBXFileReference; fileEncoding = 4; lastKnownFileType = sourcecode.c.objc; path = AFHTTPRequestOperation.m; sourceTree = "<group>"; };
		E031CE24172C921400571228 /* AFImageRequestOperation.h */ = {isa = PBXFileReference; fileEncoding = 4; lastKnownFileType = sourcecode.c.h; path = AFImageRequestOperation.h; sourceTree = "<group>"; };
		E031CE25172C921400571228 /* AFImageRequestOperation.m */ = {isa = PBXFileReference; fileEncoding = 4; lastKnownFileType = sourcecode.c.objc; path = AFImageRequestOperation.m; sourceTree = "<group>"; };
		E031CE26172C921400571228 /* AFJSONRequestOperation.h */ = {isa = PBXFileReference; fileEncoding = 4; lastKnownFileType = sourcecode.c.h; path = AFJSONRequestOperation.h; sourceTree = "<group>"; };
		E031CE27172C921400571228 /* AFJSONRequestOperation.m */ = {isa = PBXFileReference; fileEncoding = 4; lastKnownFileType = sourcecode.c.objc; path = AFJSONRequestOperation.m; sourceTree = "<group>"; };
		E031CE28172C921400571228 /* AFNetworkActivityIndicatorManager.h */ = {isa = PBXFileReference; fileEncoding = 4; lastKnownFileType = sourcecode.c.h; path = AFNetworkActivityIndicatorManager.h; sourceTree = "<group>"; };
		E031CE29172C921400571228 /* AFNetworkActivityIndicatorManager.m */ = {isa = PBXFileReference; fileEncoding = 4; lastKnownFileType = sourcecode.c.objc; path = AFNetworkActivityIndicatorManager.m; sourceTree = "<group>"; };
		E031CE2A172C921400571228 /* AFNetworking.h */ = {isa = PBXFileReference; fileEncoding = 4; lastKnownFileType = sourcecode.c.h; path = AFNetworking.h; sourceTree = "<group>"; };
		E031CE2B172C921400571228 /* AFPropertyListRequestOperation.h */ = {isa = PBXFileReference; fileEncoding = 4; lastKnownFileType = sourcecode.c.h; path = AFPropertyListRequestOperation.h; sourceTree = "<group>"; };
		E031CE2C172C921400571228 /* AFPropertyListRequestOperation.m */ = {isa = PBXFileReference; fileEncoding = 4; lastKnownFileType = sourcecode.c.objc; path = AFPropertyListRequestOperation.m; sourceTree = "<group>"; };
		E031CE2D172C921400571228 /* AFURLConnectionOperation.h */ = {isa = PBXFileReference; fileEncoding = 4; lastKnownFileType = sourcecode.c.h; path = AFURLConnectionOperation.h; sourceTree = "<group>"; };
		E031CE2E172C921400571228 /* AFURLConnectionOperation.m */ = {isa = PBXFileReference; fileEncoding = 4; lastKnownFileType = sourcecode.c.objc; path = AFURLConnectionOperation.m; sourceTree = "<group>"; };
		E031CE2F172C921400571228 /* AFXMLRequestOperation.h */ = {isa = PBXFileReference; fileEncoding = 4; lastKnownFileType = sourcecode.c.h; path = AFXMLRequestOperation.h; sourceTree = "<group>"; };
		E031CE30172C921400571228 /* AFXMLRequestOperation.m */ = {isa = PBXFileReference; fileEncoding = 4; lastKnownFileType = sourcecode.c.objc; path = AFXMLRequestOperation.m; sourceTree = "<group>"; };
		E031CE31172C921400571228 /* UIImageView+AFNetworking.h */ = {isa = PBXFileReference; fileEncoding = 4; lastKnownFileType = sourcecode.c.h; path = "UIImageView+AFNetworking.h"; sourceTree = "<group>"; };
		E031CE32172C921400571228 /* UIImageView+AFNetworking.m */ = {isa = PBXFileReference; fileEncoding = 4; lastKnownFileType = sourcecode.c.objc; path = "UIImageView+AFNetworking.m"; sourceTree = "<group>"; };
		E031CE3C172C928C00571228 /* CFNetwork.framework */ = {isa = PBXFileReference; lastKnownFileType = wrapper.framework; name = CFNetwork.framework; path = System/Library/Frameworks/CFNetwork.framework; sourceTree = SDKROOT; };
		E031CE3E172C929A00571228 /* SystemConfiguration.framework */ = {isa = PBXFileReference; lastKnownFileType = wrapper.framework; name = SystemConfiguration.framework; path = System/Library/Frameworks/SystemConfiguration.framework; sourceTree = SDKROOT; };
		E031CE40172C92A700571228 /* StoreKit.framework */ = {isa = PBXFileReference; lastKnownFileType = wrapper.framework; name = StoreKit.framework; path = System/Library/Frameworks/StoreKit.framework; sourceTree = SDKROOT; };
		E031CE42172C92B200571228 /* CoreTelephony.framework */ = {isa = PBXFileReference; lastKnownFileType = wrapper.framework; name = CoreTelephony.framework; path = System/Library/Frameworks/CoreTelephony.framework; sourceTree = SDKROOT; };
		E031CE44172CA01000571228 /* Loading-screen.png */ = {isa = PBXFileReference; lastKnownFileType = image.png; path = "Loading-screen.png"; sourceTree = "<group>"; };
		E031CE46172CB2E300571228 /* 1star.png */ = {isa = PBXFileReference; lastKnownFileType = image.png; path = 1star.png; sourceTree = "<group>"; };
		E031CE47172CB2E300571228 /* 3star.png */ = {isa = PBXFileReference; lastKnownFileType = image.png; path = 3star.png; sourceTree = "<group>"; };
		E031CE48172CB2E300571228 /* 2star.png */ = {isa = PBXFileReference; lastKnownFileType = image.png; path = 2star.png; sourceTree = "<group>"; };
		E031CE49172CB2E300571228 /* 4star.png */ = {isa = PBXFileReference; lastKnownFileType = image.png; path = 4star.png; sourceTree = "<group>"; };
		E031CE4A172CB2E300571228 /* 5star.png */ = {isa = PBXFileReference; lastKnownFileType = image.png; path = 5star.png; sourceTree = "<group>"; };
		E097D733172D52F300587EB4 /* arrow.png */ = {isa = PBXFileReference; lastKnownFileType = image.png; path = arrow.png; sourceTree = "<group>"; };
		E097D735172D532E00587EB4 /* Icon-72.png */ = {isa = PBXFileReference; lastKnownFileType = image.png; path = "Icon-72.png"; sourceTree = "<group>"; };
		E097D736172D532E00587EB4 /* Icon-72@2x.png */ = {isa = PBXFileReference; lastKnownFileType = image.png; path = "Icon-72@2x.png"; sourceTree = "<group>"; };
		E097D737172D532E00587EB4 /* Icon-Small-50.png */ = {isa = PBXFileReference; lastKnownFileType = image.png; path = "Icon-Small-50.png"; sourceTree = "<group>"; };
		E097D738172D532E00587EB4 /* Icon-Small-50@2x.png */ = {isa = PBXFileReference; lastKnownFileType = image.png; path = "Icon-Small-50@2x.png"; sourceTree = "<group>"; };
		E097D739172D532E00587EB4 /* Icon-Small.png */ = {isa = PBXFileReference; lastKnownFileType = image.png; path = "Icon-Small.png"; sourceTree = "<group>"; };
		E097D73A172D532E00587EB4 /* Icon-Small@2x.png */ = {isa = PBXFileReference; lastKnownFileType = image.png; path = "Icon-Small@2x.png"; sourceTree = "<group>"; };
		E097D73B172D532E00587EB4 /* Icon.png */ = {isa = PBXFileReference; lastKnownFileType = image.png; path = Icon.png; sourceTree = "<group>"; };
		E097D73C172D532E00587EB4 /* Icon@2x.png */ = {isa = PBXFileReference; lastKnownFileType = image.png; path = "Icon@2x.png"; sourceTree = "<group>"; };
		E097D73D172D532E00587EB4 /* iTunesArtwork.png */ = {isa = PBXFileReference; lastKnownFileType = image.png; path = iTunesArtwork.png; sourceTree = "<group>"; };
		E097D73E172D532E00587EB4 /* iTunesArtwork@2x.png */ = {isa = PBXFileReference; lastKnownFileType = image.png; path = "iTunesArtwork@2x.png"; sourceTree = "<group>"; };
		E097D749172D53B400587EB4 /* Icon.png */ = {isa = PBXFileReference; lastKnownFileType = image.png; name = Icon.png; path = ../../Icon.png; sourceTree = "<group>"; };
		E097D74B172D53BC00587EB4 /* Icon@2x.png */ = {isa = PBXFileReference; lastKnownFileType = image.png; name = "Icon@2x.png"; path = "../../Icon@2x.png"; sourceTree = "<group>"; };
		E097D74D172D54DD00587EB4 /* clock.png */ = {isa = PBXFileReference; lastKnownFileType = image.png; path = clock.png; sourceTree = "<group>"; };
		E097D74E172D54DD00587EB4 /* pin.png */ = {isa = PBXFileReference; lastKnownFileType = image.png; path = pin.png; sourceTree = "<group>"; };
		E0CCB658172C048500835420 /* afterhours.app */ = {isa = PBXFileReference; explicitFileType = wrapper.application; includeInIndex = 0; path = afterhours.app; sourceTree = BUILT_PRODUCTS_DIR; };
		E0CCB65B172C048500835420 /* UIKit.framework */ = {isa = PBXFileReference; lastKnownFileType = wrapper.framework; name = UIKit.framework; path = System/Library/Frameworks/UIKit.framework; sourceTree = SDKROOT; };
		E0CCB65D172C048500835420 /* Foundation.framework */ = {isa = PBXFileReference; lastKnownFileType = wrapper.framework; name = Foundation.framework; path = System/Library/Frameworks/Foundation.framework; sourceTree = SDKROOT; };
		E0CCB65F172C048500835420 /* CoreGraphics.framework */ = {isa = PBXFileReference; lastKnownFileType = wrapper.framework; name = CoreGraphics.framework; path = System/Library/Frameworks/CoreGraphics.framework; sourceTree = SDKROOT; };
		E0CCB663172C048500835420 /* whatsopen_app-Info.plist */ = {isa = PBXFileReference; lastKnownFileType = text.plist.xml; path = "whatsopen_app-Info.plist"; sourceTree = "<group>"; };
		E0CCB665172C048500835420 /* en */ = {isa = PBXFileReference; lastKnownFileType = text.plist.strings; name = en; path = en.lproj/InfoPlist.strings; sourceTree = "<group>"; };
		E0CCB667172C048500835420 /* main.m */ = {isa = PBXFileReference; lastKnownFileType = sourcecode.c.objc; path = main.m; sourceTree = "<group>"; };
		E0CCB669172C048500835420 /* whatsopen_app-Prefix.pch */ = {isa = PBXFileReference; lastKnownFileType = sourcecode.c.h; path = "whatsopen_app-Prefix.pch"; sourceTree = "<group>"; };
		E0CCB66D172C048500835420 /* Default.png */ = {isa = PBXFileReference; lastKnownFileType = image.png; path = Default.png; sourceTree = "<group>"; };
		E0CCB66F172C048500835420 /* Default@2x.png */ = {isa = PBXFileReference; lastKnownFileType = image.png; path = "Default@2x.png"; sourceTree = "<group>"; };
		E0CCB671172C048500835420 /* Default-568h@2x.png */ = {isa = PBXFileReference; lastKnownFileType = image.png; path = "Default-568h@2x.png"; sourceTree = "<group>"; };
		E0CCB69C172C0A7F00835420 /* MSNavigationPaneViewController.h */ = {isa = PBXFileReference; fileEncoding = 4; lastKnownFileType = sourcecode.c.h; name = MSNavigationPaneViewController.h; path = Library/MSNavigationPaneViewController.h; sourceTree = "<group>"; };
		E0CCB69D172C0A7F00835420 /* MSNavigationPaneViewController.m */ = {isa = PBXFileReference; fileEncoding = 4; lastKnownFileType = sourcecode.c.objc; name = MSNavigationPaneViewController.m; path = Library/MSNavigationPaneViewController.m; sourceTree = "<group>"; };
		E0CCB6A3172C0AFC00835420 /* SettingsViewController.m */ = {isa = PBXFileReference; fileEncoding = 4; lastKnownFileType = sourcecode.c.objc; name = SettingsViewController.m; path = whatsopen_app/Main/SettingsViewController.m; sourceTree = "<group>"; };
		E0CCB6A4172C0AFC00835420 /* MasterViewController.m */ = {isa = PBXFileReference; fileEncoding = 4; lastKnownFileType = sourcecode.c.objc; name = MasterViewController.m; path = whatsopen_app/Main/MasterViewController.m; sourceTree = "<group>"; };
		E0CCB6A5172C0AFC00835420 /* SettingsViewController.h */ = {isa = PBXFileReference; fileEncoding = 4; lastKnownFileType = sourcecode.c.h; name = SettingsViewController.h; path = whatsopen_app/Main/SettingsViewController.h; sourceTree = "<group>"; };
		E0CCB6A6172C0AFC00835420 /* MasterViewController.h */ = {isa = PBXFileReference; fileEncoding = 4; lastKnownFileType = sourcecode.c.h; name = MasterViewController.h; path = whatsopen_app/Main/MasterViewController.h; sourceTree = "<group>"; };
		E0CCB6A7172C0AFC00835420 /* AboutUsViewController.h */ = {isa = PBXFileReference; fileEncoding = 4; lastKnownFileType = sourcecode.c.h; name = AboutUsViewController.h; path = whatsopen_app/Main/AboutUsViewController.h; sourceTree = "<group>"; };
		E0CCB6A8172C0AFC00835420 /* AboutUsViewController.m */ = {isa = PBXFileReference; fileEncoding = 4; lastKnownFileType = sourcecode.c.objc; name = AboutUsViewController.m; path = whatsopen_app/Main/AboutUsViewController.m; sourceTree = "<group>"; };
		E0CCB6A9172C0AFC00835420 /* AppDelegate.h */ = {isa = PBXFileReference; fileEncoding = 4; lastKnownFileType = sourcecode.c.h; name = AppDelegate.h; path = whatsopen_app/Main/AppDelegate.h; sourceTree = "<group>"; };
		E0CCB6AA172C0AFC00835420 /* AppDelegate.m */ = {isa = PBXFileReference; fileEncoding = 4; lastKnownFileType = sourcecode.c.objc; name = AppDelegate.m; path = whatsopen_app/Main/AppDelegate.m; sourceTree = "<group>"; };
		E0CCB6BA172C0D8900835420 /* QuartzCore.framework */ = {isa = PBXFileReference; lastKnownFileType = wrapper.framework; name = QuartzCore.framework; path = System/Library/Frameworks/QuartzCore.framework; sourceTree = SDKROOT; };
		E0CCB6BE172C0DC500835420 /* Default-568h@2x.png */ = {isa = PBXFileReference; lastKnownFileType = image.png; path = "Default-568h@2x.png"; sourceTree = "<group>"; };
		E0CCB6BF172C0DC500835420 /* Default.png */ = {isa = PBXFileReference; lastKnownFileType = image.png; path = Default.png; sourceTree = "<group>"; };
		E0CCB6C0172C0DC500835420 /* Default@2x.png */ = {isa = PBXFileReference; lastKnownFileType = image.png; path = "Default@2x.png"; sourceTree = "<group>"; };
		E0CCB6CB172C0DC500835420 /* MSBarButtonIconNavigationPane.png */ = {isa = PBXFileReference; lastKnownFileType = image.png; path = MSBarButtonIconNavigationPane.png; sourceTree = "<group>"; };
		E0CCB6CC172C0DC500835420 /* MSBarButtonIconNavigationPane@2x.png */ = {isa = PBXFileReference; lastKnownFileType = image.png; path = "MSBarButtonIconNavigationPane@2x.png"; sourceTree = "<group>"; };
		E0CCB6E8172C153900835420 /* PRTweenTimingFunctions.m */ = {isa = PBXFileReference; fileEncoding = 4; lastKnownFileType = sourcecode.c.objc; name = PRTweenTimingFunctions.m; path = Library/PRTweenTimingFunctions.m; sourceTree = "<group>"; };
		E0CCB6E9172C153900835420 /* PRTweenTimingFunctions.h */ = {isa = PBXFileReference; fileEncoding = 4; lastKnownFileType = sourcecode.c.h; name = PRTweenTimingFunctions.h; path = Library/PRTweenTimingFunctions.h; sourceTree = "<group>"; };
		E0CCB6EA172C153900835420 /* PRTween.h */ = {isa = PBXFileReference; fileEncoding = 4; lastKnownFileType = sourcecode.c.h; name = PRTween.h; path = Library/PRTween.h; sourceTree = "<group>"; };
		E0CCB6EB172C153900835420 /* PRTween.m */ = {isa = PBXFileReference; fileEncoding = 4; lastKnownFileType = sourcecode.c.objc; name = PRTween.m; path = Library/PRTween.m; sourceTree = "<group>"; };
		E0CCB6EF172C228000835420 /* HomeViewController.h */ = {isa = PBXFileReference; fileEncoding = 4; lastKnownFileType = sourcecode.c.h; path = HomeViewController.h; sourceTree = "<group>"; };
		E0CCB6F0172C228000835420 /* HomeViewController.m */ = {isa = PBXFileReference; fileEncoding = 4; lastKnownFileType = sourcecode.c.objc; path = HomeViewController.m; sourceTree = "<group>"; };
		E0CCB6F1172C228000835420 /* HomeViewController.xib */ = {isa = PBXFileReference; fileEncoding = 4; lastKnownFileType = file.xib; path = HomeViewController.xib; sourceTree = "<group>"; };
		E0CCB6FE172C40D100835420 /* ClubsViewController.h */ = {isa = PBXFileReference; fileEncoding = 4; lastKnownFileType = sourcecode.c.h; name = ClubsViewController.h; path = whatsopen_app/Main/ClubsViewController.h; sourceTree = "<group>"; };
		E0CCB6FF172C40D200835420 /* ClubsViewController.m */ = {isa = PBXFileReference; fileEncoding = 4; lastKnownFileType = sourcecode.c.objc; name = ClubsViewController.m; path = whatsopen_app/Main/ClubsViewController.m; sourceTree = "<group>"; };
		E0CCB700172C40D200835420 /* ClubsViewController.xib */ = {isa = PBXFileReference; fileEncoding = 4; lastKnownFileType = file.xib; name = ClubsViewController.xib; path = whatsopen_app/Main/ClubsViewController.xib; sourceTree = "<group>"; };
		E0CCB703172C410A00835420 /* RestaurantsViewController.h */ = {isa = PBXFileReference; fileEncoding = 4; lastKnownFileType = sourcecode.c.h; name = RestaurantsViewController.h; path = whatsopen_app/Main/RestaurantsViewController.h; sourceTree = "<group>"; };
		E0CCB704172C410A00835420 /* RestaurantsViewController.m */ = {isa = PBXFileReference; fileEncoding = 4; lastKnownFileType = sourcecode.c.objc; name = RestaurantsViewController.m; path = whatsopen_app/Main/RestaurantsViewController.m; sourceTree = "<group>"; };
		E0CCB705172C410A00835420 /* RestaurantsViewController.xib */ = {isa = PBXFileReference; fileEncoding = 4; lastKnownFileType = file.xib; name = RestaurantsViewController.xib; path = whatsopen_app/Main/RestaurantsViewController.xib; sourceTree = "<group>"; };
		E0CCB708172C470F00835420 /* shadow.png */ = {isa = PBXFileReference; lastKnownFileType = image.png; path = shadow.png; sourceTree = "<group>"; };
		E0CCB70A172C4BC200835420 /* DetailViewController.h */ = {isa = PBXFileReference; fileEncoding = 4; lastKnownFileType = sourcecode.c.h; name = DetailViewController.h; path = whatsopen_app/Main/DetailViewController.h; sourceTree = "<group>"; };
		E0CCB70B172C4BC300835420 /* DetailViewController.m */ = {isa = PBXFileReference; fileEncoding = 4; lastKnownFileType = sourcecode.c.objc; name = DetailViewController.m; path = whatsopen_app/Main/DetailViewController.m; sourceTree = "<group>"; };
		E0CCB70C172C4BC300835420 /* DetailViewController.xib */ = {isa = PBXFileReference; fileEncoding = 4; lastKnownFileType = file.xib; name = DetailViewController.xib; path = /Users/junseki/Documents/Projects/whatsopen_app/whatsopen_app/whatsopen_app/Main/DetailViewController.xib; sourceTree = "<absolute>"; };
		E0CCB711172C576100835420 /* JSON.h */ = {isa = PBXFileReference; fileEncoding = 4; lastKnownFileType = sourcecode.c.h; path = JSON.h; sourceTree = "<group>"; };
		E0CCB712172C576100835420 /* NSObject+SBJSON.h */ = {isa = PBXFileReference; fileEncoding = 4; lastKnownFileType = sourcecode.c.h; path = "NSObject+SBJSON.h"; sourceTree = "<group>"; };
		E0CCB713172C576100835420 /* NSObject+SBJSON.m */ = {isa = PBXFileReference; fileEncoding = 4; lastKnownFileType = sourcecode.c.objc; path = "NSObject+SBJSON.m"; sourceTree = "<group>"; };
		E0CCB714172C576100835420 /* NSString+SBJSON.h */ = {isa = PBXFileReference; fileEncoding = 4; lastKnownFileType = sourcecode.c.h; path = "NSString+SBJSON.h"; sourceTree = "<group>"; };
		E0CCB715172C576100835420 /* NSString+SBJSON.m */ = {isa = PBXFileReference; fileEncoding = 4; lastKnownFileType = sourcecode.c.objc; path = "NSString+SBJSON.m"; sourceTree = "<group>"; };
		E0CCB716172C576100835420 /* SBJSON.h */ = {isa = PBXFileReference; fileEncoding = 4; lastKnownFileType = sourcecode.c.h; path = SBJSON.h; sourceTree = "<group>"; };
		E0CCB717172C576100835420 /* SBJSON.m */ = {isa = PBXFileReference; fileEncoding = 4; lastKnownFileType = sourcecode.c.objc; path = SBJSON.m; sourceTree = "<group>"; };
		E0CCB718172C576100835420 /* SBJsonBase.h */ = {isa = PBXFileReference; fileEncoding = 4; lastKnownFileType = sourcecode.c.h; path = SBJsonBase.h; sourceTree = "<group>"; };
		E0CCB719172C576100835420 /* SBJsonBase.m */ = {isa = PBXFileReference; fileEncoding = 4; lastKnownFileType = sourcecode.c.objc; path = SBJsonBase.m; sourceTree = "<group>"; };
		E0CCB71A172C576100835420 /* SBJsonParser.h */ = {isa = PBXFileReference; fileEncoding = 4; lastKnownFileType = sourcecode.c.h; path = SBJsonParser.h; sourceTree = "<group>"; };
		E0CCB71B172C576100835420 /* SBJsonParser.m */ = {isa = PBXFileReference; fileEncoding = 4; lastKnownFileType = sourcecode.c.objc; path = SBJsonParser.m; sourceTree = "<group>"; };
		E0CCB71C172C576100835420 /* SBJsonWriter.h */ = {isa = PBXFileReference; fileEncoding = 4; lastKnownFileType = sourcecode.c.h; path = SBJsonWriter.h; sourceTree = "<group>"; };
		E0CCB71D172C576100835420 /* SBJsonWriter.m */ = {isa = PBXFileReference; fileEncoding = 4; lastKnownFileType = sourcecode.c.objc; path = SBJsonWriter.m; sourceTree = "<group>"; };
		E0CCB744172C5DA500835420 /* StoreData.m */ = {isa = PBXFileReference; fileEncoding = 4; lastKnownFileType = sourcecode.c.objc; path = StoreData.m; sourceTree = "<group>"; };
		E0CCB745172C5DA500835420 /* StoreData.h */ = {isa = PBXFileReference; fileEncoding = 4; lastKnownFileType = sourcecode.c.h; path = StoreData.h; sourceTree = "<group>"; };
		E0CCB746172C5DA500835420 /* StoreElements.h */ = {isa = PBXFileReference; fileEncoding = 4; lastKnownFileType = sourcecode.c.h; path = StoreElements.h; sourceTree = "<group>"; };
		E0CCB747172C5DA500835420 /* StoreElements.m */ = {isa = PBXFileReference; fileEncoding = 4; lastKnownFileType = sourcecode.c.objc; path = StoreElements.m; sourceTree = "<group>"; };
		E0CCB748172C5DA500835420 /* StoreRequestManager.h */ = {isa = PBXFileReference; fileEncoding = 4; lastKnownFileType = sourcecode.c.h; path = StoreRequestManager.h; sourceTree = "<group>"; };
		E0CCB749172C5DA500835420 /* StoreRequestManager.m */ = {isa = PBXFileReference; fileEncoding = 4; lastKnownFileType = sourcecode.c.objc; path = StoreRequestManager.m; sourceTree = "<group>"; };
		E0CCB74D172C636C00835420 /* CoreLocation.framework */ = {isa = PBXFileReference; lastKnownFileType = wrapper.framework; name = CoreLocation.framework; path = System/Library/Frameworks/CoreLocation.framework; sourceTree = SDKROOT; };
		E0CCB74F172C637200835420 /* MapKit.framework */ = {isa = PBXFileReference; lastKnownFileType = wrapper.framework; name = MapKit.framework; path = System/Library/Frameworks/MapKit.framework; sourceTree = SDKROOT; };
		E0CCB752172C6CAC00835420 /* ApplicationConstants.h */ = {isa = PBXFileReference; fileEncoding = 4; lastKnownFileType = sourcecode.c.h; name = ApplicationConstants.h; path = "App Constants/ApplicationConstants.h"; sourceTree = "<group>"; };
		E0CCB753172C6CAC00835420 /* ApplicationConstants.m */ = {isa = PBXFileReference; fileEncoding = 4; lastKnownFileType = sourcecode.c.objc; name = ApplicationConstants.m; path = "App Constants/ApplicationConstants.m"; sourceTree = "<group>"; };
		E0CCB755172C6F8000835420 /* GlobalSettings.h */ = {isa = PBXFileReference; fileEncoding = 4; lastKnownFileType = sourcecode.c.h; name = GlobalSettings.h; path = "App Constants/GlobalSettings.h"; sourceTree = "<group>"; };
		E0CCB756172C6F8000835420 /* GlobalSettings.m */ = {isa = PBXFileReference; fileEncoding = 4; lastKnownFileType = sourcecode.c.objc; name = GlobalSettings.m; path = "App Constants/GlobalSettings.m"; sourceTree = "<group>"; };
		E0CCB757172C6F8000835420 /* DownloadLightWeight.h */ = {isa = PBXFileReference; fileEncoding = 4; lastKnownFileType = sourcecode.c.h; name = DownloadLightWeight.h; path = "App Constants/DownloadLightWeight.h"; sourceTree = "<group>"; };
		E0CCB758172C6F8100835420 /* DownloadLightWeight.m */ = {isa = PBXFileReference; fileEncoding = 4; lastKnownFileType = sourcecode.c.objc; name = DownloadLightWeight.m; path = "App Constants/DownloadLightWeight.m"; sourceTree = "<group>"; };
		E0CCB759172C6F8100835420 /* ApplicationMacros.h */ = {isa = PBXFileReference; fileEncoding = 4; lastKnownFileType = sourcecode.c.h; name = ApplicationMacros.h; path = "App Constants/ApplicationMacros.h"; sourceTree = "<group>"; };
		E0CCB75E172C77F900835420 /* AsyncImageView.h */ = {isa = PBXFileReference; fileEncoding = 4; lastKnownFileType = sourcecode.c.h; path = AsyncImageView.h; sourceTree = "<group>"; };
		E0CCB75F172C77F900835420 /* AsyncImageView.m */ = {isa = PBXFileReference; fileEncoding = 4; lastKnownFileType = sourcecode.c.objc; path = AsyncImageView.m; sourceTree = "<group>"; };
		E0CCB764172C7D8200835420 /* CacheManager.h */ = {isa = PBXFileReference; fileEncoding = 4; lastKnownFileType = sourcecode.c.h; name = CacheManager.h; path = "App Constants/CacheManager.h"; sourceTree = "<group>"; };
		E0CCB765172C7D8300835420 /* CacheManager.m */ = {isa = PBXFileReference; fileEncoding = 4; lastKnownFileType = sourcecode.c.objc; name = CacheManager.m; path = "App Constants/CacheManager.m"; sourceTree = "<group>"; };
		E0E82320177644B9003B5F76 /* SettingsViewController.xib */ = {isa = PBXFileReference; fileEncoding = 4; lastKnownFileType = file.xib; name = SettingsViewController.xib; path = whatsopen_app/Main/SettingsViewController.xib; sourceTree = "<group>"; };
/* End PBXFileReference section */

/* Begin PBXFrameworksBuildPhase section */
		E0CCB655172C048500835420 /* Frameworks */ = {
			isa = PBXFrameworksBuildPhase;
			buildActionMask = 2147483647;
			files = (
				E0CCB74E172C636C00835420 /* CoreLocation.framework in Frameworks */,
				E031CE41172C92A700571228 /* StoreKit.framework in Frameworks */,
				E031CE3F172C929A00571228 /* SystemConfiguration.framework in Frameworks */,
				E031CE3D172C928C00571228 /* CFNetwork.framework in Frameworks */,
				E0CCB750172C637200835420 /* MapKit.framework in Frameworks */,
				E0CCB6BB172C0D8900835420 /* QuartzCore.framework in Frameworks */,
				E0CCB65C172C048500835420 /* UIKit.framework in Frameworks */,
				E0CCB65E172C048500835420 /* Foundation.framework in Frameworks */,
				E0CCB660172C048500835420 /* CoreGraphics.framework in Frameworks */,
			);
			runOnlyForDeploymentPostprocessing = 0;
		};
/* End PBXFrameworksBuildPhase section */

/* Begin PBXGroup section */
		E0154679172D251B00280CB6 /* proxima_nova */ = {
			isa = PBXGroup;
			children = (
				E015467A172D251B00280CB6 /* Proxima Nova Black It.otf */,
				E015467B172D251B00280CB6 /* Proxima Nova Black.otf */,
				E015467C172D251B00280CB6 /* Proxima Nova Bold It.otf */,
				E015467D172D251B00280CB6 /* Proxima Nova Bold.otf */,
				E015467E172D251B00280CB6 /* Proxima Nova Cond Black It.otf */,
				E015467F172D251B00280CB6 /* Proxima Nova Cond Black.otf */,
				E0154680172D251B00280CB6 /* Proxima Nova Cond Bold It.otf */,
				E0154681172D251B00280CB6 /* Proxima Nova Cond Bold.otf */,
				E0154682172D251B00280CB6 /* Proxima Nova Cond Light It.otf */,
				E0154683172D251B00280CB6 /* Proxima Nova Cond Light.otf */,
				E0154684172D251B00280CB6 /* Proxima Nova Cond Reg It.otf */,
				E0154685172D251B00280CB6 /* Proxima Nova Cond Reg.otf */,
				E0154686172D251B00280CB6 /* Proxima Nova Cond Sbold It.otf */,
				E0154687172D251B00280CB6 /* Proxima Nova Cond Sbold.otf */,
				E0154688172D251B00280CB6 /* Proxima Nova Cond Thin It.otf */,
				E0154689172D251B00280CB6 /* Proxima Nova Cond Thin.otf */,
				E015468A172D251B00280CB6 /* Proxima Nova Cond Xbold It.otf */,
				E015468B172D251B00280CB6 /* Proxima Nova Cond Xbold.otf */,
				E015468C172D251B00280CB6 /* Proxima Nova ExCn Black It.otf */,
				E015468D172D251B00280CB6 /* Proxima Nova ExCn Black.otf */,
				E015468E172D251B00280CB6 /* Proxima Nova ExCn Bold It.otf */,
				E015468F172D251B00280CB6 /* Proxima Nova ExCn Bold.otf */,
				E0154690172D251B00280CB6 /* Proxima Nova ExCn Light It.otf */,
				E0154691172D251B00280CB6 /* Proxima Nova ExCn Light.otf */,
				E0154692172D251B00280CB6 /* Proxima Nova ExCn Reg It.otf */,
				E0154693172D251B00280CB6 /* Proxima Nova ExCn Reg.otf */,
				E0154694172D251B00280CB6 /* Proxima Nova ExCn Sbold It.otf */,
				E0154695172D251B00280CB6 /* Proxima Nova ExCn Sbold.otf */,
				E0154696172D251B00280CB6 /* Proxima Nova ExCn Thin It.otf */,
				E0154697172D251B00280CB6 /* Proxima Nova ExCn Thin.otf */,
				E0154698172D251B00280CB6 /* Proxima Nova ExCn Xbold It.otf */,
				E0154699172D251B00280CB6 /* Proxima Nova ExCn Xbold.otf */,
				E015469A172D251B00280CB6 /* Proxima Nova Light It.otf */,
				E015469B172D251B00280CB6 /* Proxima Nova Light.otf */,
				E015469C172D251B00280CB6 /* Proxima Nova Reg It.otf */,
				E015469D172D251B00280CB6 /* Proxima Nova Reg.otf */,
				E015469E172D251B00280CB6 /* Proxima Nova Sbold It.otf */,
				E015469F172D251B00280CB6 /* Proxima Nova Sbold.otf */,
				E01546A0172D251B00280CB6 /* Proxima Nova Thin It.otf */,
				E01546A1172D251B00280CB6 /* Proxima Nova Thin.otf */,
				E01546A2172D251B00280CB6 /* Proxima Nova Xbold It.otf */,
				E01546A3172D251B00280CB6 /* Proxima Nova Xbold.otf */,
			);
			path = proxima_nova;
			sourceTree = "<group>";
		};
		E031CE1F172C921400571228 /* AFNetworking */ = {
			isa = PBXGroup;
			children = (
				E031CE20172C921400571228 /* AFHTTPClient.h */,
				E031CE21172C921400571228 /* AFHTTPClient.m */,
				E031CE22172C921400571228 /* AFHTTPRequestOperation.h */,
				E031CE23172C921400571228 /* AFHTTPRequestOperation.m */,
				E031CE24172C921400571228 /* AFImageRequestOperation.h */,
				E031CE25172C921400571228 /* AFImageRequestOperation.m */,
				E031CE26172C921400571228 /* AFJSONRequestOperation.h */,
				E031CE27172C921400571228 /* AFJSONRequestOperation.m */,
				E031CE28172C921400571228 /* AFNetworkActivityIndicatorManager.h */,
				E031CE29172C921400571228 /* AFNetworkActivityIndicatorManager.m */,
				E031CE2A172C921400571228 /* AFNetworking.h */,
				E031CE2B172C921400571228 /* AFPropertyListRequestOperation.h */,
				E031CE2C172C921400571228 /* AFPropertyListRequestOperation.m */,
				E031CE2D172C921400571228 /* AFURLConnectionOperation.h */,
				E031CE2E172C921400571228 /* AFURLConnectionOperation.m */,
				E031CE2F172C921400571228 /* AFXMLRequestOperation.h */,
				E031CE30172C921400571228 /* AFXMLRequestOperation.m */,
				E031CE31172C921400571228 /* UIImageView+AFNetworking.h */,
				E031CE32172C921400571228 /* UIImageView+AFNetworking.m */,
			);
			name = AFNetworking;
			path = ../../../../../Downloads/AFNetworking;
			sourceTree = "<group>";
		};
		E0CCB64F172C048400835420 = {
			isa = PBXGroup;
			children = (
				E0CCB661172C048500835420 /* whatsopen_app */,
				E0CCB65A172C048500835420 /* Frameworks */,
				E0CCB659172C048500835420 /* Products */,
			);
			sourceTree = "<group>";
		};
		E0CCB659172C048500835420 /* Products */ = {
			isa = PBXGroup;
			children = (
				E0CCB658172C048500835420 /* afterhours.app */,
			);
			name = Products;
			sourceTree = "<group>";
		};
		E0CCB65A172C048500835420 /* Frameworks */ = {
			isa = PBXGroup;
			children = (
				E031CE42172C92B200571228 /* CoreTelephony.framework */,
				E031CE40172C92A700571228 /* StoreKit.framework */,
				E031CE3E172C929A00571228 /* SystemConfiguration.framework */,
				E031CE3C172C928C00571228 /* CFNetwork.framework */,
				E0CCB74F172C637200835420 /* MapKit.framework */,
				E0CCB74D172C636C00835420 /* CoreLocation.framework */,
				E0CCB6BA172C0D8900835420 /* QuartzCore.framework */,
				E0CCB65B172C048500835420 /* UIKit.framework */,
				E0CCB65D172C048500835420 /* Foundation.framework */,
				E0CCB65F172C048500835420 /* CoreGraphics.framework */,
			);
			name = Frameworks;
			sourceTree = "<group>";
		};
		E0CCB661172C048500835420 /* whatsopen_app */ = {
			isa = PBXGroup;
			children = (
				E0CCB75C172C77E500835420 /* Library */,
				E0CCB751172C6B0A00835420 /* App Constants */,
				E0CCB731172C5A5500835420 /* Data Classes */,
				E0CCB6BD172C0DC500835420 /* Images */,
				E0CCB6B1172C0B0200835420 /* Main */,
				E0CCB695172C05D000835420 /* Vendor */,
				E0CCB662172C048500835420 /* Supporting Files */,
			);
			path = whatsopen_app;
			sourceTree = "<group>";
		};
		E0CCB662172C048500835420 /* Supporting Files */ = {
			isa = PBXGroup;
			children = (
				E0154679172D251B00280CB6 /* proxima_nova */,
				E0CCB663172C048500835420 /* whatsopen_app-Info.plist */,
				E0CCB664172C048500835420 /* InfoPlist.strings */,
				E0CCB667172C048500835420 /* main.m */,
				E0CCB669172C048500835420 /* whatsopen_app-Prefix.pch */,
				E0CCB66D172C048500835420 /* Default.png */,
				E0CCB66F172C048500835420 /* Default@2x.png */,
				E0CCB671172C048500835420 /* Default-568h@2x.png */,
			);
			name = "Supporting Files";
			sourceTree = "<group>";
		};
		E0CCB695172C05D000835420 /* Vendor */ = {
			isa = PBXGroup;
			children = (
				E0CCB6B9172C0D3100835420 /* MSNavigationPaneViewController */,
				E0CCB6B8172C0D1F00835420 /* PRTween */,
			);
			name = Vendor;
			sourceTree = "<group>";
		};
		E0CCB6B1172C0B0200835420 /* Main */ = {
			isa = PBXGroup;
			children = (
				E031CDFD172C8AFC00571228 /* StoreTableCell.xib */,
				E031CDFE172C8AFC00571228 /* StoreTableCell.h */,
				E031CDFF172C8AFC00571228 /* StoreTableCell.m */,
				E0CCB6A7172C0AFC00835420 /* AboutUsViewController.h */,
				E0CCB6A8172C0AFC00835420 /* AboutUsViewController.m */,
				E0CCB6A9172C0AFC00835420 /* AppDelegate.h */,
				E0CCB6AA172C0AFC00835420 /* AppDelegate.m */,
				E0CCB6FE172C40D100835420 /* ClubsViewController.h */,
				E0CCB6FF172C40D200835420 /* ClubsViewController.m */,
				E0CCB700172C40D200835420 /* ClubsViewController.xib */,
				E0CCB70A172C4BC200835420 /* DetailViewController.h */,
				E0CCB70B172C4BC300835420 /* DetailViewController.m */,
				E0CCB70C172C4BC300835420 /* DetailViewController.xib */,
				E0CCB6EF172C228000835420 /* HomeViewController.h */,
				E0CCB6F0172C228000835420 /* HomeViewController.m */,
				E0CCB6F1172C228000835420 /* HomeViewController.xib */,
				E0CCB6A6172C0AFC00835420 /* MasterViewController.h */,
				E0CCB6A4172C0AFC00835420 /* MasterViewController.m */,
				E0CCB6A5172C0AFC00835420 /* SettingsViewController.h */,
				E0CCB6A3172C0AFC00835420 /* SettingsViewController.m */,
				E0CCB703172C410A00835420 /* RestaurantsViewController.h */,
				E0CCB704172C410A00835420 /* RestaurantsViewController.m */,
				E0CCB705172C410A00835420 /* RestaurantsViewController.xib */,
				E0E82320177644B9003B5F76 /* SettingsViewController.xib */,
			);
			name = Main;
			path = ..;
			sourceTree = "<group>";
		};
		E0CCB6B8172C0D1F00835420 /* PRTween */ = {
			isa = PBXGroup;
			children = (
				E0CCB6E8172C153900835420 /* PRTweenTimingFunctions.m */,
				E0CCB6E9172C153900835420 /* PRTweenTimingFunctions.h */,
				E0CCB6EA172C153900835420 /* PRTween.h */,
				E0CCB6EB172C153900835420 /* PRTween.m */,
			);
			name = PRTween;
			sourceTree = "<group>";
		};
		E0CCB6B9172C0D3100835420 /* MSNavigationPaneViewController */ = {
			isa = PBXGroup;
			children = (
				E0CCB69C172C0A7F00835420 /* MSNavigationPaneViewController.h */,
				E0CCB69D172C0A7F00835420 /* MSNavigationPaneViewController.m */,
			);
			name = MSNavigationPaneViewController;
			sourceTree = "<group>";
		};
		E0CCB6BD172C0DC500835420 /* Images */ = {
			isa = PBXGroup;
			children = (
				E097D74D172D54DD00587EB4 /* clock.png */,
				E097D74E172D54DD00587EB4 /* pin.png */,
				E097D74B172D53BC00587EB4 /* Icon@2x.png */,
				E097D749172D53B400587EB4 /* Icon.png */,
				E097D735172D532E00587EB4 /* Icon-72.png */,
				E097D736172D532E00587EB4 /* Icon-72@2x.png */,
				E097D737172D532E00587EB4 /* Icon-Small-50.png */,
				E097D738172D532E00587EB4 /* Icon-Small-50@2x.png */,
				E097D739172D532E00587EB4 /* Icon-Small.png */,
				E097D73A172D532E00587EB4 /* Icon-Small@2x.png */,
				E097D73B172D532E00587EB4 /* Icon.png */,
				E097D73C172D532E00587EB4 /* Icon@2x.png */,
				E097D73D172D532E00587EB4 /* iTunesArtwork.png */,
				E097D73E172D532E00587EB4 /* iTunesArtwork@2x.png */,
				E097D733172D52F300587EB4 /* arrow.png */,
				E01546D8172D517F00280CB6 /* directionButton.png */,
				E01546D4172D4DB700280CB6 /* navbar.png */,
				E01546D2172D4C8100280CB6 /* navbar@2X.png */,
				E01546CF172D457E00280CB6 /* alert.png */,
				E031CE46172CB2E300571228 /* 1star.png */,
				E031CE47172CB2E300571228 /* 3star.png */,
				E031CE48172CB2E300571228 /* 2star.png */,
				E031CE49172CB2E300571228 /* 4star.png */,
				E031CE4A172CB2E300571228 /* 5star.png */,
				E031CE44172CA01000571228 /* Loading-screen.png */,
				E0CCB708172C470F00835420 /* shadow.png */,
				E0CCB6BE172C0DC500835420 /* Default-568h@2x.png */,
				E0CCB6BF172C0DC500835420 /* Default.png */,
				E0CCB6C0172C0DC500835420 /* Default@2x.png */,
				E0CCB6CB172C0DC500835420 /* MSBarButtonIconNavigationPane.png */,
				E0CCB6CC172C0DC500835420 /* MSBarButtonIconNavigationPane@2x.png */,
			);
			path = Images;
			sourceTree = "<group>";
		};
		E0CCB710172C576100835420 /* JSON */ = {
			isa = PBXGroup;
			children = (
				E0CCB711172C576100835420 /* JSON.h */,
				E0CCB712172C576100835420 /* NSObject+SBJSON.h */,
				E0CCB713172C576100835420 /* NSObject+SBJSON.m */,
				E0CCB714172C576100835420 /* NSString+SBJSON.h */,
				E0CCB715172C576100835420 /* NSString+SBJSON.m */,
				E0CCB716172C576100835420 /* SBJSON.h */,
				E0CCB717172C576100835420 /* SBJSON.m */,
				E0CCB718172C576100835420 /* SBJsonBase.h */,
				E0CCB719172C576100835420 /* SBJsonBase.m */,
				E0CCB71A172C576100835420 /* SBJsonParser.h */,
				E0CCB71B172C576100835420 /* SBJsonParser.m */,
				E0CCB71C172C576100835420 /* SBJsonWriter.h */,
				E0CCB71D172C576100835420 /* SBJsonWriter.m */,
			);
			path = JSON;
			sourceTree = "<group>";
		};
		E0CCB731172C5A5500835420 /* Data Classes */ = {
			isa = PBXGroup;
			children = (
				E0CCB744172C5DA500835420 /* StoreData.m */,
				E0CCB745172C5DA500835420 /* StoreData.h */,
				E0CCB746172C5DA500835420 /* StoreElements.h */,
				E0CCB747172C5DA500835420 /* StoreElements.m */,
				E0CCB748172C5DA500835420 /* StoreRequestManager.h */,
				E0CCB749172C5DA500835420 /* StoreRequestManager.m */,
			);
			path = "Data Classes";
			sourceTree = "<group>";
		};
		E0CCB751172C6B0A00835420 /* App Constants */ = {
			isa = PBXGroup;
			children = (
				E0CCB764172C7D8200835420 /* CacheManager.h */,
				E0CCB765172C7D8300835420 /* CacheManager.m */,
				E0CCB755172C6F8000835420 /* GlobalSettings.h */,
				E0CCB756172C6F8000835420 /* GlobalSettings.m */,
				E0CCB757172C6F8000835420 /* DownloadLightWeight.h */,
				E0CCB758172C6F8100835420 /* DownloadLightWeight.m */,
				E0CCB759172C6F8100835420 /* ApplicationMacros.h */,
				E0CCB752172C6CAC00835420 /* ApplicationConstants.h */,
				E0CCB753172C6CAC00835420 /* ApplicationConstants.m */,
			);
			name = "App Constants";
			sourceTree = "<group>";
		};
		E0CCB75C172C77E500835420 /* Library */ = {
			isa = PBXGroup;
			children = (
				E031CE1F172C921400571228 /* AFNetworking */,
				E0CCB75D172C77F900835420 /* Async Images */,
				E0CCB710172C576100835420 /* JSON */,
			);
			name = Library;
			sourceTree = "<group>";
		};
		E0CCB75D172C77F900835420 /* Async Images */ = {
			isa = PBXGroup;
			children = (
				E0CCB75E172C77F900835420 /* AsyncImageView.h */,
				E0CCB75F172C77F900835420 /* AsyncImageView.m */,
			);
			name = "Async Images";
			path = "Library/Async Images";
			sourceTree = "<group>";
		};
/* End PBXGroup section */

/* Begin PBXNativeTarget section */
		E0CCB657172C048500835420 /* afterhours */ = {
			isa = PBXNativeTarget;
			buildConfigurationList = E0CCB67E172C048500835420 /* Build configuration list for PBXNativeTarget "afterhours" */;
			buildPhases = (
				E0CCB654172C048500835420 /* Sources */,
				E0CCB655172C048500835420 /* Frameworks */,
				E0CCB656172C048500835420 /* Resources */,
			);
			buildRules = (
			);
			dependencies = (
			);
			name = afterhours;
			productName = whatsopen_app;
			productReference = E0CCB658172C048500835420 /* afterhours.app */;
			productType = "com.apple.product-type.application";
		};
/* End PBXNativeTarget section */

/* Begin PBXProject section */
		E0CCB650172C048500835420 /* Project object */ = {
			isa = PBXProject;
			attributes = {
				LastUpgradeCheck = 0460;
				ORGANIZATIONNAME = com.junseki;
				TargetAttributes = {
					E0CCB657172C048500835420 = {
						DevelopmentTeam = HZX25XQUSZ;
					};
				};
			};
			buildConfigurationList = E0CCB653172C048500835420 /* Build configuration list for PBXProject "afterhours" */;
			compatibilityVersion = "Xcode 3.2";
			developmentRegion = English;
			hasScannedForEncodings = 0;
			knownRegions = (
				en,
			);
			mainGroup = E0CCB64F172C048400835420;
			productRefGroup = E0CCB659172C048500835420 /* Products */;
			projectDirPath = "";
			projectRoot = "";
			targets = (
				E0CCB657172C048500835420 /* afterhours */,
			);
		};
/* End PBXProject section */

/* Begin PBXResourcesBuildPhase section */
		E0CCB656172C048500835420 /* Resources */ = {
			isa = PBXResourcesBuildPhase;
			buildActionMask = 2147483647;
			files = (
				E0CCB666172C048500835420 /* InfoPlist.strings in Resources */,
				E0CCB66E172C048500835420 /* Default.png in Resources */,
				E0CCB670172C048500835420 /* Default@2x.png in Resources */,
				E0CCB672172C048500835420 /* Default-568h@2x.png in Resources */,
				E0CCB6CD172C0DC500835420 /* Default-568h@2x.png in Resources */,
				E0CCB6CE172C0DC500835420 /* Default.png in Resources */,
				E0CCB6CF172C0DC500835420 /* Default@2x.png in Resources */,
				E0CCB6DA172C0DC500835420 /* MSBarButtonIconNavigationPane.png in Resources */,
				E0CCB6DB172C0DC500835420 /* MSBarButtonIconNavigationPane@2x.png in Resources */,
				E0CCB6F3172C228000835420 /* HomeViewController.xib in Resources */,
				E0CCB702172C40D200835420 /* ClubsViewController.xib in Resources */,
				E0CCB707172C410B00835420 /* RestaurantsViewController.xib in Resources */,
				E0CCB709172C471000835420 /* shadow.png in Resources */,
				E0CCB70E172C4BC300835420 /* DetailViewController.xib in Resources */,
				E031CE00172C8AFC00571228 /* StoreTableCell.xib in Resources */,
				E031CE45172CA01000571228 /* Loading-screen.png in Resources */,
				E031CE4B172CB2E300571228 /* 1star.png in Resources */,
				E031CE4C172CB2E300571228 /* 3star.png in Resources */,
				E031CE4D172CB2E300571228 /* 2star.png in Resources */,
				E031CE4E172CB2E300571228 /* 4star.png in Resources */,
				E031CE4F172CB2E300571228 /* 5star.png in Resources */,
				E01546A4172D251B00280CB6 /* Proxima Nova Black It.otf in Resources */,
				E01546A5172D251B00280CB6 /* Proxima Nova Black.otf in Resources */,
				E01546A6172D251B00280CB6 /* Proxima Nova Bold It.otf in Resources */,
				E01546A7172D251B00280CB6 /* Proxima Nova Bold.otf in Resources */,
				E01546A8172D251B00280CB6 /* Proxima Nova Cond Black It.otf in Resources */,
				E01546A9172D251B00280CB6 /* Proxima Nova Cond Black.otf in Resources */,
				E01546AA172D251B00280CB6 /* Proxima Nova Cond Bold It.otf in Resources */,
				E01546AB172D251B00280CB6 /* Proxima Nova Cond Bold.otf in Resources */,
				E01546AC172D251B00280CB6 /* Proxima Nova Cond Light It.otf in Resources */,
				E01546AD172D251B00280CB6 /* Proxima Nova Cond Light.otf in Resources */,
				E01546AE172D251B00280CB6 /* Proxima Nova Cond Reg It.otf in Resources */,
				E01546AF172D251B00280CB6 /* Proxima Nova Cond Reg.otf in Resources */,
				E01546B0172D251B00280CB6 /* Proxima Nova Cond Sbold It.otf in Resources */,
				E01546B1172D251B00280CB6 /* Proxima Nova Cond Sbold.otf in Resources */,
				E01546B2172D251B00280CB6 /* Proxima Nova Cond Thin It.otf in Resources */,
				E01546B3172D251B00280CB6 /* Proxima Nova Cond Thin.otf in Resources */,
				E01546B4172D251B00280CB6 /* Proxima Nova Cond Xbold It.otf in Resources */,
				E01546B5172D251B00280CB6 /* Proxima Nova Cond Xbold.otf in Resources */,
				E01546B6172D251B00280CB6 /* Proxima Nova ExCn Black It.otf in Resources */,
				E01546B7172D251B00280CB6 /* Proxima Nova ExCn Black.otf in Resources */,
				E01546B8172D251B00280CB6 /* Proxima Nova ExCn Bold It.otf in Resources */,
				E01546B9172D251B00280CB6 /* Proxima Nova ExCn Bold.otf in Resources */,
				E01546BA172D251B00280CB6 /* Proxima Nova ExCn Light It.otf in Resources */,
				E01546BB172D251B00280CB6 /* Proxima Nova ExCn Light.otf in Resources */,
				E01546BC172D251B00280CB6 /* Proxima Nova ExCn Reg It.otf in Resources */,
				E01546BD172D251B00280CB6 /* Proxima Nova ExCn Reg.otf in Resources */,
				E01546BE172D251B00280CB6 /* Proxima Nova ExCn Sbold It.otf in Resources */,
				E01546BF172D251B00280CB6 /* Proxima Nova ExCn Sbold.otf in Resources */,
				E01546C0172D251B00280CB6 /* Proxima Nova ExCn Thin It.otf in Resources */,
				E01546C1172D251B00280CB6 /* Proxima Nova ExCn Thin.otf in Resources */,
				E01546C2172D251B00280CB6 /* Proxima Nova ExCn Xbold It.otf in Resources */,
				E01546C3172D251B00280CB6 /* Proxima Nova ExCn Xbold.otf in Resources */,
				E01546C4172D251B00280CB6 /* Proxima Nova Light It.otf in Resources */,
				E01546C5172D251B00280CB6 /* Proxima Nova Light.otf in Resources */,
				E01546C6172D251B00280CB6 /* Proxima Nova Reg It.otf in Resources */,
				E01546C7172D251B00280CB6 /* Proxima Nova Reg.otf in Resources */,
				E01546C8172D251B00280CB6 /* Proxima Nova Sbold It.otf in Resources */,
				E01546C9172D251B00280CB6 /* Proxima Nova Sbold.otf in Resources */,
				E01546CA172D251B00280CB6 /* Proxima Nova Thin It.otf in Resources */,
				E01546CB172D251B00280CB6 /* Proxima Nova Thin.otf in Resources */,
				E01546CC172D251B00280CB6 /* Proxima Nova Xbold It.otf in Resources */,
				E01546CD172D251B00280CB6 /* Proxima Nova Xbold.otf in Resources */,
				E01546D1172D457E00280CB6 /* alert.png in Resources */,
				E01546D3172D4C8100280CB6 /* navbar@2X.png in Resources */,
				E01546D5172D4DB700280CB6 /* navbar.png in Resources */,
				E01546D9172D517F00280CB6 /* directionButton.png in Resources */,
				E097D734172D52F300587EB4 /* arrow.png in Resources */,
				E097D73F172D532E00587EB4 /* Icon-72.png in Resources */,
				E097D740172D532E00587EB4 /* Icon-72@2x.png in Resources */,
				E097D741172D532E00587EB4 /* Icon-Small-50.png in Resources */,
				E097D742172D532E00587EB4 /* Icon-Small-50@2x.png in Resources */,
				E097D743172D532E00587EB4 /* Icon-Small.png in Resources */,
				E097D744172D532E00587EB4 /* Icon-Small@2x.png in Resources */,
				E097D745172D532E00587EB4 /* Icon.png in Resources */,
				E097D746172D532E00587EB4 /* Icon@2x.png in Resources */,
				E097D747172D532E00587EB4 /* iTunesArtwork.png in Resources */,
				E097D748172D532E00587EB4 /* iTunesArtwork@2x.png in Resources */,
				E097D74A172D53B400587EB4 /* Icon.png in Resources */,
				E097D74C172D53BC00587EB4 /* Icon@2x.png in Resources */,
				E097D74F172D54DD00587EB4 /* clock.png in Resources */,
				E097D750172D54DD00587EB4 /* pin.png in Resources */,
				E0E82321177644B9003B5F76 /* SettingsViewController.xib in Resources */,
			);
			runOnlyForDeploymentPostprocessing = 0;
		};
/* End PBXResourcesBuildPhase section */

/* Begin PBXSourcesBuildPhase section */
		E0CCB654172C048500835420 /* Sources */ = {
			isa = PBXSourcesBuildPhase;
			buildActionMask = 2147483647;
			files = (
				E0CCB668172C048500835420 /* main.m in Sources */,
				E0CCB69E172C0A8000835420 /* MSNavigationPaneViewController.m in Sources */,
				E0CCB6AD172C0AFC00835420 /* SettingsViewController.m in Sources */,
				E0CCB6AE172C0AFC00835420 /* MasterViewController.m in Sources */,
				E0CCB6AF172C0AFC00835420 /* AboutUsViewController.m in Sources */,
				E0CCB6B0172C0AFC00835420 /* AppDelegate.m in Sources */,
				E0CCB6EC172C153900835420 /* PRTweenTimingFunctions.m in Sources */,
				E0CCB6ED172C153900835420 /* PRTween.m in Sources */,
				E0CCB6F2172C228000835420 /* HomeViewController.m in Sources */,
				E0CCB701172C40D200835420 /* ClubsViewController.m in Sources */,
				E0CCB706172C410B00835420 /* RestaurantsViewController.m in Sources */,
				E0CCB70D172C4BC300835420 /* DetailViewController.m in Sources */,
				E0CCB71E172C576100835420 /* NSObject+SBJSON.m in Sources */,
				E0CCB71F172C576100835420 /* NSString+SBJSON.m in Sources */,
				E0CCB720172C576100835420 /* SBJSON.m in Sources */,
				E0CCB721172C576100835420 /* SBJsonBase.m in Sources */,
				E0CCB722172C576100835420 /* SBJsonParser.m in Sources */,
				E0CCB723172C576100835420 /* SBJsonWriter.m in Sources */,
				E0CCB74A172C5DA500835420 /* StoreData.m in Sources */,
				E0CCB74B172C5DA500835420 /* StoreElements.m in Sources */,
				E0CCB74C172C5DA500835420 /* StoreRequestManager.m in Sources */,
				E0CCB754172C6CAC00835420 /* ApplicationConstants.m in Sources */,
				E0CCB75A172C6F8100835420 /* GlobalSettings.m in Sources */,
				E0CCB75B172C6F8100835420 /* DownloadLightWeight.m in Sources */,
				E0CCB760172C77F900835420 /* AsyncImageView.m in Sources */,
				E0CCB766172C7D8300835420 /* CacheManager.m in Sources */,
				E031CE01172C8AFC00571228 /* StoreTableCell.m in Sources */,
				E031CE33172C921400571228 /* AFHTTPClient.m in Sources */,
				E031CE34172C921400571228 /* AFHTTPRequestOperation.m in Sources */,
				E031CE35172C921400571228 /* AFImageRequestOperation.m in Sources */,
				E031CE36172C921400571228 /* AFJSONRequestOperation.m in Sources */,
				E031CE37172C921400571228 /* AFNetworkActivityIndicatorManager.m in Sources */,
				E031CE38172C921400571228 /* AFPropertyListRequestOperation.m in Sources */,
				E031CE39172C921400571228 /* AFURLConnectionOperation.m in Sources */,
				E031CE3A172C921400571228 /* AFXMLRequestOperation.m in Sources */,
				E031CE3B172C921400571228 /* UIImageView+AFNetworking.m in Sources */,
			);
			runOnlyForDeploymentPostprocessing = 0;
		};
/* End PBXSourcesBuildPhase section */

/* Begin PBXVariantGroup section */
		E0CCB664172C048500835420 /* InfoPlist.strings */ = {
			isa = PBXVariantGroup;
			children = (
				E0CCB665172C048500835420 /* en */,
			);
			name = InfoPlist.strings;
			sourceTree = "<group>";
		};
/* End PBXVariantGroup section */

/* Begin XCBuildConfiguration section */
		E0CCB67C172C048500835420 /* Debug */ = {
			isa = XCBuildConfiguration;
			buildSettings = {
				ALWAYS_SEARCH_USER_PATHS = NO;
				CLANG_CXX_LANGUAGE_STANDARD = "gnu++0x";
				CLANG_CXX_LIBRARY = "libc++";
				CLANG_ENABLE_OBJC_ARC = YES;
				CLANG_WARN_CONSTANT_CONVERSION = YES;
				CLANG_WARN_EMPTY_BODY = YES;
				CLANG_WARN_ENUM_CONVERSION = YES;
				CLANG_WARN_INT_CONVERSION = YES;
				CLANG_WARN__DUPLICATE_METHOD_MATCH = YES;
				CODE_SIGN_IDENTITY = "iPhone Developer";
				"CODE_SIGN_IDENTITY[sdk=iphoneos*]" = "iPhone Developer";
				COPY_PHASE_STRIP = NO;
				GCC_C_LANGUAGE_STANDARD = gnu99;
				GCC_DYNAMIC_NO_PIC = NO;
				GCC_OPTIMIZATION_LEVEL = 0;
				GCC_PREPROCESSOR_DEFINITIONS = (
					"DEBUG=1",
					"$(inherited)",
				);
				GCC_SYMBOLS_PRIVATE_EXTERN = NO;
				GCC_WARN_ABOUT_RETURN_TYPE = YES;
				GCC_WARN_UNINITIALIZED_AUTOS = YES;
				GCC_WARN_UNUSED_VARIABLE = YES;
				IPHONEOS_DEPLOYMENT_TARGET = 6.1;
				ONLY_ACTIVE_ARCH = YES;
				PROVISIONING_PROFILE = "";
				SDKROOT = iphoneos;
				TARGETED_DEVICE_FAMILY = "1,2";
			};
			name = Debug;
		};
		E0CCB67D172C048500835420 /* Release */ = {
			isa = XCBuildConfiguration;
			buildSettings = {
				ALWAYS_SEARCH_USER_PATHS = NO;
				CLANG_CXX_LANGUAGE_STANDARD = "gnu++0x";
				CLANG_CXX_LIBRARY = "libc++";
				CLANG_ENABLE_OBJC_ARC = YES;
				CLANG_WARN_CONSTANT_CONVERSION = YES;
				CLANG_WARN_EMPTY_BODY = YES;
				CLANG_WARN_ENUM_CONVERSION = YES;
				CLANG_WARN_INT_CONVERSION = YES;
				CLANG_WARN__DUPLICATE_METHOD_MATCH = YES;
				CODE_SIGN_IDENTITY = "iPhone Developer";
				"CODE_SIGN_IDENTITY[sdk=iphoneos*]" = "iPhone Developer";
				COPY_PHASE_STRIP = YES;
				GCC_C_LANGUAGE_STANDARD = gnu99;
				GCC_WARN_ABOUT_RETURN_TYPE = YES;
				GCC_WARN_UNINITIALIZED_AUTOS = YES;
				GCC_WARN_UNUSED_VARIABLE = YES;
				IPHONEOS_DEPLOYMENT_TARGET = 6.1;
				OTHER_CFLAGS = "-DNS_BLOCK_ASSERTIONS=1";
				PROVISIONING_PROFILE = "";
				SDKROOT = iphoneos;
				TARGETED_DEVICE_FAMILY = "1,2";
				VALIDATE_PRODUCT = YES;
			};
			name = Release;
		};
		E0CCB67F172C048500835420 /* Debug */ = {
			isa = XCBuildConfiguration;
			buildSettings = {
				CODE_SIGN_IDENTITY = "iPhone Developer";
				GCC_PRECOMPILE_PREFIX_HEADER = YES;
				GCC_PREFIX_HEADER = "whatsopen_app/whatsopen_app-Prefix.pch";
				INFOPLIST_FILE = "whatsopen_app/whatsopen_app-Info.plist";
				IPHONEOS_DEPLOYMENT_TARGET = 6.0;
				PRODUCT_NAME = "$(TARGET_NAME)";
				PROVISIONING_PROFILE = "";
				WRAPPER_EXTENSION = app;
			};
			name = Debug;
		};
		E0CCB680172C048500835420 /* Release */ = {
			isa = XCBuildConfiguration;
			buildSettings = {
				CODE_SIGN_IDENTITY = "iPhone Developer";
				GCC_PRECOMPILE_PREFIX_HEADER = YES;
				GCC_PREFIX_HEADER = "whatsopen_app/whatsopen_app-Prefix.pch";
				INFOPLIST_FILE = "whatsopen_app/whatsopen_app-Info.plist";
				IPHONEOS_DEPLOYMENT_TARGET = 6.0;
				PRODUCT_NAME = "$(TARGET_NAME)";
				PROVISIONING_PROFILE = "";
				WRAPPER_EXTENSION = app;
			};
			name = Release;
		};
/* End XCBuildConfiguration section */

/* Begin XCConfigurationList section */
		E0CCB653172C048500835420 /* Build configuration list for PBXProject "afterhours" */ = {
			isa = XCConfigurationList;
			buildConfigurations = (
				E0CCB67C172C048500835420 /* Debug */,
				E0CCB67D172C048500835420 /* Release */,
			);
			defaultConfigurationIsVisible = 0;
			defaultConfigurationName = Release;
		};
		E0CCB67E172C048500835420 /* Build configuration list for PBXNativeTarget "afterhours" */ = {
			isa = XCConfigurationList;
			buildConfigurations = (
				E0CCB67F172C048500835420 /* Debug */,
				E0CCB680172C048500835420 /* Release */,
			);
			defaultConfigurationIsVisible = 0;
			defaultConfigurationName = Release;
		};
/* End XCConfigurationList section */
	};
	rootObject = E0CCB650172C048500835420 /* Project object */;
}
